// !$*UTF8*$!
{
	archiveVersion = 1;
	classes = {
	};
	objectVersion = 46;
	objects = {

/* Begin PBXBuildFile section */
		2878447422F9431B00FC56A4 /* STPhotoDetailsViewControllerSpy.swift in Sources */ = {isa = PBXBuildFile; fileRef = 2878447222F942EC00FC56A4 /* STPhotoDetailsViewControllerSpy.swift */; };
		289647C622F87FB0008664AB /* STPhotoCore.framework in Frameworks */ = {isa = PBXBuildFile; fileRef = 289647C522F87FB0008664AB /* STPhotoCore.framework */; };
		2896486422F8807F008664AB /* Localizable.strings in Resources */ = {isa = PBXBuildFile; fileRef = 289647C922F8807F008664AB /* Localizable.strings */; };
		2896486522F8807F008664AB /* Localizable.stringsdict in Resources */ = {isa = PBXBuildFile; fileRef = 289647CB22F8807F008664AB /* Localizable.stringsdict */; };
		2896487022F8807F008664AB /* UIColor+Hex.swift in Sources */ = {isa = PBXBuildFile; fileRef = 289647E622F8807F008664AB /* UIColor+Hex.swift */; };
		2896487222F8807F008664AB /* Bundle+Module.swift in Sources */ = {isa = PBXBuildFile; fileRef = 289647EA22F8807F008664AB /* Bundle+Module.swift */; };
		2896487422F8807F008664AB /* STPhotoCommentsInteractor.swift in Sources */ = {isa = PBXBuildFile; fileRef = 289647EF22F8807F008664AB /* STPhotoCommentsInteractor.swift */; };
		2896487522F8807F008664AB /* STPhotoCommentsViewCell.swift in Sources */ = {isa = PBXBuildFile; fileRef = 289647F122F8807F008664AB /* STPhotoCommentsViewCell.swift */; };
		2896487622F8807F008664AB /* STPhotoCommentsPresenter.swift in Sources */ = {isa = PBXBuildFile; fileRef = 289647F222F8807F008664AB /* STPhotoCommentsPresenter.swift */; };
		2896487722F8807F008664AB /* STPhotoCommentsStyle.swift in Sources */ = {isa = PBXBuildFile; fileRef = 289647F422F8807F008664AB /* STPhotoCommentsStyle.swift */; };
		2896487822F8807F008664AB /* STPhotoCommentsModels.swift in Sources */ = {isa = PBXBuildFile; fileRef = 289647F522F8807F008664AB /* STPhotoCommentsModels.swift */; };
		2896487922F8807F008664AB /* STPhotoCommentsEmptyView.swift in Sources */ = {isa = PBXBuildFile; fileRef = 289647F722F8807F008664AB /* STPhotoCommentsEmptyView.swift */; };
		2896487A22F8807F008664AB /* STPhotoCommentsRouter.swift in Sources */ = {isa = PBXBuildFile; fileRef = 289647F822F8807F008664AB /* STPhotoCommentsRouter.swift */; };
		2896487B22F8807F008664AB /* STPhotoCommentsLocalization.swift in Sources */ = {isa = PBXBuildFile; fileRef = 289647FA22F8807F008664AB /* STPhotoCommentsLocalization.swift */; };
		2896487C22F8807F008664AB /* STPhotoCommentsView.swift in Sources */ = {isa = PBXBuildFile; fileRef = 289647FB22F8807F008664AB /* STPhotoCommentsView.swift */; };
		2896487D22F8807F008664AB /* STPhotoCommentsWorker.swift in Sources */ = {isa = PBXBuildFile; fileRef = 289647FC22F8807F008664AB /* STPhotoCommentsWorker.swift */; };
		2896487E22F8807F008664AB /* STPhotoDetailsInteractor.swift in Sources */ = {isa = PBXBuildFile; fileRef = 289647FE22F8807F008664AB /* STPhotoDetailsInteractor.swift */; };
		2896487F22F8807F008664AB /* STPhotoDetailsInfoCell.swift in Sources */ = {isa = PBXBuildFile; fileRef = 2896480022F8807F008664AB /* STPhotoDetailsInfoCell.swift */; };
		2896488022F8807F008664AB /* STPhotoDetailsImageCell.swift in Sources */ = {isa = PBXBuildFile; fileRef = 2896480122F8807F008664AB /* STPhotoDetailsImageCell.swift */; };
		2896488122F8807F008664AB /* STPhotoDetailsEntityCell.swift in Sources */ = {isa = PBXBuildFile; fileRef = 2896480222F8807F008664AB /* STPhotoDetailsEntityCell.swift */; };
		2896488222F8807F008664AB /* STPhotoDetailsSpaceCell.swift in Sources */ = {isa = PBXBuildFile; fileRef = 2896480322F8807F008664AB /* STPhotoDetailsSpaceCell.swift */; };
		2896488322F8807F008664AB /* STPhotoDetailsPresenter.swift in Sources */ = {isa = PBXBuildFile; fileRef = 2896480422F8807F008664AB /* STPhotoDetailsPresenter.swift */; };
		2896488422F8807F008664AB /* STPhotoDetailsStyle.swift in Sources */ = {isa = PBXBuildFile; fileRef = 2896480622F8807F008664AB /* STPhotoDetailsStyle.swift */; };
		2896488522F8807F008664AB /* STPhotoDetailsModels.swift in Sources */ = {isa = PBXBuildFile; fileRef = 2896480722F8807F008664AB /* STPhotoDetailsModels.swift */; };
		2896488622F8807F008664AB /* STPhotoDetailsWorker.swift in Sources */ = {isa = PBXBuildFile; fileRef = 2896480822F8807F008664AB /* STPhotoDetailsWorker.swift */; };
		2896488722F8807F008664AB /* STPhotoDetailsRouter.swift in Sources */ = {isa = PBXBuildFile; fileRef = 2896480922F8807F008664AB /* STPhotoDetailsRouter.swift */; };
		2896488822F8807F008664AB /* STPhotoDetailsViewController+TableViewDataSource.swift in Sources */ = {isa = PBXBuildFile; fileRef = 2896480B22F8807F008664AB /* STPhotoDetailsViewController+TableViewDataSource.swift */; };
		2896488922F8807F008664AB /* STPhotoDetailsViewController+Subviews.swift in Sources */ = {isa = PBXBuildFile; fileRef = 2896480C22F8807F008664AB /* STPhotoDetailsViewController+Subviews.swift */; };
		2896488A22F8807F008664AB /* STPhotoDetailsViewController+DisplayLogic.swift in Sources */ = {isa = PBXBuildFile; fileRef = 2896480D22F8807F008664AB /* STPhotoDetailsViewController+DisplayLogic.swift */; };
		2896488B22F8807F008664AB /* STPhotoDetailsViewController.swift in Sources */ = {isa = PBXBuildFile; fileRef = 2896480E22F8807F008664AB /* STPhotoDetailsViewController.swift */; };
		2896488C22F8807F008664AB /* STPhotoDetailsLikesView.swift in Sources */ = {isa = PBXBuildFile; fileRef = 2896481022F8807F008664AB /* STPhotoDetailsLikesView.swift */; };
		2896488D22F8807F008664AB /* STPhotoDetailsLocalization.swift in Sources */ = {isa = PBXBuildFile; fileRef = 2896481222F8807F008664AB /* STPhotoDetailsLocalization.swift */; };
		289648B622F880AD008664AB /* Assets.xcassets in Resources */ = {isa = PBXBuildFile; fileRef = 289648B522F880AD008664AB /* Assets.xcassets */; };
		28A60CB5232CCA41006208CD /* ImageLocalTaskSpy.swift in Sources */ = {isa = PBXBuildFile; fileRef = 28A60CB4232CCA41006208CD /* ImageLocalTaskSpy.swift */; };
		28A60CB7232CCA61006208CD /* PhotoCommentsLocalTaskSpy.swift in Sources */ = {isa = PBXBuildFile; fileRef = 28A60CB6232CCA61006208CD /* PhotoCommentsLocalTaskSpy.swift */; };
		28A60CB9232CCA88006208CD /* PhotoCollectionLocalTaskSpy.swift in Sources */ = {isa = PBXBuildFile; fileRef = 28A60CB8232CCA88006208CD /* PhotoCollectionLocalTaskSpy.swift */; };
		28A60CBB232CCAA1006208CD /* PhotoLocalTaskSpy.swift in Sources */ = {isa = PBXBuildFile; fileRef = 28A60CBA232CCAA1006208CD /* PhotoLocalTaskSpy.swift */; };
		28A60CBD232CCAC0006208CD /* LocationAddressLocalTaskSpy.swift in Sources */ = {isa = PBXBuildFile; fileRef = 28A60CBC232CCAC0006208CD /* LocationAddressLocalTaskSpy.swift */; };
		28A60CBF232CCADD006208CD /* LocationEntitiesLocalTaskSpy.swift in Sources */ = {isa = PBXBuildFile; fileRef = 28A60CBE232CCADD006208CD /* LocationEntitiesLocalTaskSpy.swift */; };
		28E9306622F88812001D5ADB /* STPhotoCommentsViewTests.swift in Sources */ = {isa = PBXBuildFile; fileRef = 28E9304022F88812001D5ADB /* STPhotoCommentsViewTests.swift */; };
		28E9306722F88812001D5ADB /* STPhotoCommentsInteractorTests.swift in Sources */ = {isa = PBXBuildFile; fileRef = 28E9304122F88812001D5ADB /* STPhotoCommentsInteractorTests.swift */; };
		28E9306822F88812001D5ADB /* STPhotoCommentsWorkerTests.swift in Sources */ = {isa = PBXBuildFile; fileRef = 28E9304222F88812001D5ADB /* STPhotoCommentsWorkerTests.swift */; };
		28E9306922F88812001D5ADB /* STPhotoCommentsPresenterTests.swift in Sources */ = {isa = PBXBuildFile; fileRef = 28E9304322F88812001D5ADB /* STPhotoCommentsPresenterTests.swift */; };
		28E9306A22F88812001D5ADB /* STPhotoCommentsBusinessLogicSpy.swift in Sources */ = {isa = PBXBuildFile; fileRef = 28E9304522F88812001D5ADB /* STPhotoCommentsBusinessLogicSpy.swift */; };
		28E9306B22F88812001D5ADB /* STPhotoCommentsPresentationLogicSpy.swift in Sources */ = {isa = PBXBuildFile; fileRef = 28E9304622F88812001D5ADB /* STPhotoCommentsPresentationLogicSpy.swift */; };
		28E9306D22F88812001D5ADB /* STPhotoCommentsDisplayLogicSpy.swift in Sources */ = {isa = PBXBuildFile; fileRef = 28E9304822F88812001D5ADB /* STPhotoCommentsDisplayLogicSpy.swift */; };
		28E9306F22F88812001D5ADB /* STPhotoCommentsWorkerDelegateSpy.swift in Sources */ = {isa = PBXBuildFile; fileRef = 28E9304A22F88812001D5ADB /* STPhotoCommentsWorkerDelegateSpy.swift */; };
		28E9307022F88812001D5ADB /* UIButtonSpy.swift in Sources */ = {isa = PBXBuildFile; fileRef = 28E9304B22F88812001D5ADB /* UIButtonSpy.swift */; };
		28E9307122F88812001D5ADB /* STPhotoCommentsViewCellInterfaceSpy.swift in Sources */ = {isa = PBXBuildFile; fileRef = 28E9304C22F88812001D5ADB /* STPhotoCommentsViewCellInterfaceSpy.swift */; };
		28E9307222F88812001D5ADB /* STPhotoCommentsWorkerSpy.swift in Sources */ = {isa = PBXBuildFile; fileRef = 28E9304D22F88812001D5ADB /* STPhotoCommentsWorkerSpy.swift */; };
		28E9307322F88812001D5ADB /* STPhotoDetailsPresenterTests.swift in Sources */ = {isa = PBXBuildFile; fileRef = 28E9304F22F88812001D5ADB /* STPhotoDetailsPresenterTests.swift */; };
		28E9307422F88812001D5ADB /* STPhotoDetailsViewControllerTests.swift in Sources */ = {isa = PBXBuildFile; fileRef = 28E9305022F88812001D5ADB /* STPhotoDetailsViewControllerTests.swift */; };
		28E9307522F88812001D5ADB /* STPhotoDetailsWorkerTests.swift in Sources */ = {isa = PBXBuildFile; fileRef = 28E9305122F88812001D5ADB /* STPhotoDetailsWorkerTests.swift */; };
		28E9307622F88812001D5ADB /* STPhotoDetailsRouterTests.swift in Sources */ = {isa = PBXBuildFile; fileRef = 28E9305222F88812001D5ADB /* STPhotoDetailsRouterTests.swift */; };
		28E9307822F88812001D5ADB /* STPhotoCommentsViewSpy.swift in Sources */ = {isa = PBXBuildFile; fileRef = 28E9305522F88812001D5ADB /* STPhotoCommentsViewSpy.swift */; };
		28E9307922F88812001D5ADB /* STPhotoDetailsEntityCellInterfaceSpy.swift in Sources */ = {isa = PBXBuildFile; fileRef = 28E9305622F88812001D5ADB /* STPhotoDetailsEntityCellInterfaceSpy.swift */; };
		28E9307A22F88812001D5ADB /* STPhotoDetailsBusinessLogicSpy.swift in Sources */ = {isa = PBXBuildFile; fileRef = 28E9305722F88812001D5ADB /* STPhotoDetailsBusinessLogicSpy.swift */; };
		28E9307D22F88812001D5ADB /* STPhotoDetailsInfoCellInterfaceSpy.swift in Sources */ = {isa = PBXBuildFile; fileRef = 28E9305A22F88812001D5ADB /* STPhotoDetailsInfoCellInterfaceSpy.swift */; };
		28E9307E22F88812001D5ADB /* UITableViewSpy.swift in Sources */ = {isa = PBXBuildFile; fileRef = 28E9305B22F88812001D5ADB /* UITableViewSpy.swift */; };
		28E9307F22F88812001D5ADB /* STPhotoDetailsRoutingLogicSpy.swift in Sources */ = {isa = PBXBuildFile; fileRef = 28E9305C22F88812001D5ADB /* STPhotoDetailsRoutingLogicSpy.swift */; };
		28E9308022F88812001D5ADB /* UINavigationControllerSpy.swift in Sources */ = {isa = PBXBuildFile; fileRef = 28E9305D22F88812001D5ADB /* UINavigationControllerSpy.swift */; };
		28E9308122F88812001D5ADB /* STPhotoDetailsImageCellInterfaceSpy.swift in Sources */ = {isa = PBXBuildFile; fileRef = 28E9305E22F88812001D5ADB /* STPhotoDetailsImageCellInterfaceSpy.swift */; };
		28E9308222F88812001D5ADB /* STPhotoDetailsPresentationLogicSpy.swift in Sources */ = {isa = PBXBuildFile; fileRef = 28E9305F22F88812001D5ADB /* STPhotoDetailsPresentationLogicSpy.swift */; };
		28E9308322F88812001D5ADB /* STPhotoDetailsLikesViewSpy.swift in Sources */ = {isa = PBXBuildFile; fileRef = 28E9306022F88812001D5ADB /* STPhotoDetailsLikesViewSpy.swift */; };
		28E9308522F88812001D5ADB /* STPhotoDetailsWorkerDelegateSpy.swift in Sources */ = {isa = PBXBuildFile; fileRef = 28E9306222F88812001D5ADB /* STPhotoDetailsWorkerDelegateSpy.swift */; };
		28E9308622F88812001D5ADB /* STPhotoDetailsWorkerSpy.swift in Sources */ = {isa = PBXBuildFile; fileRef = 28E9306322F88812001D5ADB /* STPhotoDetailsWorkerSpy.swift */; };
		28E9308722F88812001D5ADB /* STPhotoDetailsDisplayLogicSpy.swift in Sources */ = {isa = PBXBuildFile; fileRef = 28E9306422F88812001D5ADB /* STPhotoDetailsDisplayLogicSpy.swift */; };
		28E9308822F88812001D5ADB /* STPhotoDetailsInteractorTests.swift in Sources */ = {isa = PBXBuildFile; fileRef = 28E9306522F88812001D5ADB /* STPhotoDetailsInteractorTests.swift */; };
		28E9308A22F8899B001D5ADB /* STPhotoCore.framework in Frameworks */ = {isa = PBXBuildFile; fileRef = 289647C522F87FB0008664AB /* STPhotoCore.framework */; };
		3549BB501DA38A2000C63030 /* STPhotoDetails.h in Headers */ = {isa = PBXBuildFile; fileRef = 3549BB181DA3890B00C63030 /* STPhotoDetails.h */; settings = {ATTRIBUTES = (Public, ); }; };
		3549BB511DA38A2000C63030 /* STPhotoDetails.h in Headers */ = {isa = PBXBuildFile; fileRef = 3549BB181DA3890B00C63030 /* STPhotoDetails.h */; settings = {ATTRIBUTES = (Public, ); }; };
		3549BB521DA38A2100C63030 /* STPhotoDetails.h in Headers */ = {isa = PBXBuildFile; fileRef = 3549BB181DA3890B00C63030 /* STPhotoDetails.h */; settings = {ATTRIBUTES = (Public, ); }; };
		3549BB531DA38A2200C63030 /* STPhotoDetails.h in Headers */ = {isa = PBXBuildFile; fileRef = 3549BB181DA3890B00C63030 /* STPhotoDetails.h */; settings = {ATTRIBUTES = (Public, ); }; };
		3549BB661DA38ADB00C63030 /* STPhotoDetails.framework in Frameworks */ = {isa = PBXBuildFile; fileRef = 3549BB211DA389CD00C63030 /* STPhotoDetails.framework */; };
		3549BB751DA38AEF00C63030 /* STPhotoDetails.framework in Frameworks */ = {isa = PBXBuildFile; fileRef = 3549BB481DA389F300C63030 /* STPhotoDetails.framework */; };
		3549BB841DA38B0000C63030 /* STPhotoDetails.framework in Frameworks */ = {isa = PBXBuildFile; fileRef = 3549BB3B1DA389E800C63030 /* STPhotoDetails.framework */; };
		3549BB8B1DA38C0A00C63030 /* STPhotoDetailsTests.swift in Sources */ = {isa = PBXBuildFile; fileRef = 3549BB8A1DA38C0A00C63030 /* STPhotoDetailsTests.swift */; };
		3549BB8C1DA38C0A00C63030 /* STPhotoDetailsTests.swift in Sources */ = {isa = PBXBuildFile; fileRef = 3549BB8A1DA38C0A00C63030 /* STPhotoDetailsTests.swift */; };
		3549BB8D1DA38C0A00C63030 /* STPhotoDetailsTests.swift in Sources */ = {isa = PBXBuildFile; fileRef = 3549BB8A1DA38C0A00C63030 /* STPhotoDetailsTests.swift */; };
/* End PBXBuildFile section */

/* Begin PBXContainerItemProxy section */
		3549BB671DA38ADB00C63030 /* PBXContainerItemProxy */ = {
			isa = PBXContainerItemProxy;
			containerPortal = 3549BAFC1DA387DB00C63030 /* Project object */;
			proxyType = 1;
			remoteGlobalIDString = 3549BB201DA389CD00C63030;
			remoteInfo = "STPhotoDetails-iOS";
		};
		3549BB761DA38AEF00C63030 /* PBXContainerItemProxy */ = {
			isa = PBXContainerItemProxy;
			containerPortal = 3549BAFC1DA387DB00C63030 /* Project object */;
			proxyType = 1;
			remoteGlobalIDString = 3549BB471DA389F300C63030;
			remoteInfo = "STPhotoDetails-tvOS";
		};
		3549BB851DA38B0000C63030 /* PBXContainerItemProxy */ = {
			isa = PBXContainerItemProxy;
			containerPortal = 3549BAFC1DA387DB00C63030 /* Project object */;
			proxyType = 1;
			remoteGlobalIDString = 3549BB3A1DA389E800C63030;
			remoteInfo = "STPhotoDetails-macOS";
		};
/* End PBXContainerItemProxy section */

/* Begin PBXFileReference section */
		2878447222F942EC00FC56A4 /* STPhotoDetailsViewControllerSpy.swift */ = {isa = PBXFileReference; lastKnownFileType = sourcecode.swift; path = STPhotoDetailsViewControllerSpy.swift; sourceTree = "<group>"; };
		289647C522F87FB0008664AB /* STPhotoCore.framework */ = {isa = PBXFileReference; lastKnownFileType = wrapper.framework; name = STPhotoCore.framework; path = Carthage/Build/iOS/STPhotoCore.framework; sourceTree = "<group>"; };
		289647CA22F8807F008664AB /* en */ = {isa = PBXFileReference; lastKnownFileType = text.plist.strings; name = en; path = en.lproj/Localizable.strings; sourceTree = "<group>"; };
		289647CC22F8807F008664AB /* en */ = {isa = PBXFileReference; lastKnownFileType = text.plist.stringsdict; name = en; path = en.lproj/Localizable.stringsdict; sourceTree = "<group>"; };
		289647CD22F8807F008664AB /* ro */ = {isa = PBXFileReference; lastKnownFileType = text.plist.strings; name = ro; path = ro.lproj/Localizable.strings; sourceTree = "<group>"; };
		289647CE22F8807F008664AB /* ro */ = {isa = PBXFileReference; lastKnownFileType = text.plist.stringsdict; name = ro; path = ro.lproj/Localizable.stringsdict; sourceTree = "<group>"; };
		289647E622F8807F008664AB /* UIColor+Hex.swift */ = {isa = PBXFileReference; fileEncoding = 4; lastKnownFileType = sourcecode.swift; path = "UIColor+Hex.swift"; sourceTree = "<group>"; };
		289647EA22F8807F008664AB /* Bundle+Module.swift */ = {isa = PBXFileReference; fileEncoding = 4; lastKnownFileType = sourcecode.swift; path = "Bundle+Module.swift"; sourceTree = "<group>"; };
		289647EF22F8807F008664AB /* STPhotoCommentsInteractor.swift */ = {isa = PBXFileReference; fileEncoding = 4; lastKnownFileType = sourcecode.swift; path = STPhotoCommentsInteractor.swift; sourceTree = "<group>"; };
		289647F122F8807F008664AB /* STPhotoCommentsViewCell.swift */ = {isa = PBXFileReference; fileEncoding = 4; lastKnownFileType = sourcecode.swift; path = STPhotoCommentsViewCell.swift; sourceTree = "<group>"; };
		289647F222F8807F008664AB /* STPhotoCommentsPresenter.swift */ = {isa = PBXFileReference; fileEncoding = 4; lastKnownFileType = sourcecode.swift; path = STPhotoCommentsPresenter.swift; sourceTree = "<group>"; };
		289647F422F8807F008664AB /* STPhotoCommentsStyle.swift */ = {isa = PBXFileReference; fileEncoding = 4; lastKnownFileType = sourcecode.swift; path = STPhotoCommentsStyle.swift; sourceTree = "<group>"; };
		289647F522F8807F008664AB /* STPhotoCommentsModels.swift */ = {isa = PBXFileReference; fileEncoding = 4; lastKnownFileType = sourcecode.swift; path = STPhotoCommentsModels.swift; sourceTree = "<group>"; };
		289647F722F8807F008664AB /* STPhotoCommentsEmptyView.swift */ = {isa = PBXFileReference; fileEncoding = 4; lastKnownFileType = sourcecode.swift; path = STPhotoCommentsEmptyView.swift; sourceTree = "<group>"; };
		289647F822F8807F008664AB /* STPhotoCommentsRouter.swift */ = {isa = PBXFileReference; fileEncoding = 4; lastKnownFileType = sourcecode.swift; path = STPhotoCommentsRouter.swift; sourceTree = "<group>"; };
		289647FA22F8807F008664AB /* STPhotoCommentsLocalization.swift */ = {isa = PBXFileReference; fileEncoding = 4; lastKnownFileType = sourcecode.swift; path = STPhotoCommentsLocalization.swift; sourceTree = "<group>"; };
		289647FB22F8807F008664AB /* STPhotoCommentsView.swift */ = {isa = PBXFileReference; fileEncoding = 4; lastKnownFileType = sourcecode.swift; path = STPhotoCommentsView.swift; sourceTree = "<group>"; };
		289647FC22F8807F008664AB /* STPhotoCommentsWorker.swift */ = {isa = PBXFileReference; fileEncoding = 4; lastKnownFileType = sourcecode.swift; path = STPhotoCommentsWorker.swift; sourceTree = "<group>"; };
		289647FE22F8807F008664AB /* STPhotoDetailsInteractor.swift */ = {isa = PBXFileReference; fileEncoding = 4; lastKnownFileType = sourcecode.swift; path = STPhotoDetailsInteractor.swift; sourceTree = "<group>"; };
		2896480022F8807F008664AB /* STPhotoDetailsInfoCell.swift */ = {isa = PBXFileReference; fileEncoding = 4; lastKnownFileType = sourcecode.swift; path = STPhotoDetailsInfoCell.swift; sourceTree = "<group>"; };
		2896480122F8807F008664AB /* STPhotoDetailsImageCell.swift */ = {isa = PBXFileReference; fileEncoding = 4; lastKnownFileType = sourcecode.swift; path = STPhotoDetailsImageCell.swift; sourceTree = "<group>"; };
		2896480222F8807F008664AB /* STPhotoDetailsEntityCell.swift */ = {isa = PBXFileReference; fileEncoding = 4; lastKnownFileType = sourcecode.swift; path = STPhotoDetailsEntityCell.swift; sourceTree = "<group>"; };
		2896480322F8807F008664AB /* STPhotoDetailsSpaceCell.swift */ = {isa = PBXFileReference; fileEncoding = 4; lastKnownFileType = sourcecode.swift; path = STPhotoDetailsSpaceCell.swift; sourceTree = "<group>"; };
		2896480422F8807F008664AB /* STPhotoDetailsPresenter.swift */ = {isa = PBXFileReference; fileEncoding = 4; lastKnownFileType = sourcecode.swift; path = STPhotoDetailsPresenter.swift; sourceTree = "<group>"; };
		2896480622F8807F008664AB /* STPhotoDetailsStyle.swift */ = {isa = PBXFileReference; fileEncoding = 4; lastKnownFileType = sourcecode.swift; path = STPhotoDetailsStyle.swift; sourceTree = "<group>"; };
		2896480722F8807F008664AB /* STPhotoDetailsModels.swift */ = {isa = PBXFileReference; fileEncoding = 4; lastKnownFileType = sourcecode.swift; path = STPhotoDetailsModels.swift; sourceTree = "<group>"; };
		2896480822F8807F008664AB /* STPhotoDetailsWorker.swift */ = {isa = PBXFileReference; fileEncoding = 4; lastKnownFileType = sourcecode.swift; path = STPhotoDetailsWorker.swift; sourceTree = "<group>"; };
		2896480922F8807F008664AB /* STPhotoDetailsRouter.swift */ = {isa = PBXFileReference; fileEncoding = 4; lastKnownFileType = sourcecode.swift; path = STPhotoDetailsRouter.swift; sourceTree = "<group>"; };
		2896480B22F8807F008664AB /* STPhotoDetailsViewController+TableViewDataSource.swift */ = {isa = PBXFileReference; fileEncoding = 4; lastKnownFileType = sourcecode.swift; path = "STPhotoDetailsViewController+TableViewDataSource.swift"; sourceTree = "<group>"; };
		2896480C22F8807F008664AB /* STPhotoDetailsViewController+Subviews.swift */ = {isa = PBXFileReference; fileEncoding = 4; lastKnownFileType = sourcecode.swift; path = "STPhotoDetailsViewController+Subviews.swift"; sourceTree = "<group>"; };
		2896480D22F8807F008664AB /* STPhotoDetailsViewController+DisplayLogic.swift */ = {isa = PBXFileReference; fileEncoding = 4; lastKnownFileType = sourcecode.swift; path = "STPhotoDetailsViewController+DisplayLogic.swift"; sourceTree = "<group>"; };
		2896480E22F8807F008664AB /* STPhotoDetailsViewController.swift */ = {isa = PBXFileReference; fileEncoding = 4; lastKnownFileType = sourcecode.swift; path = STPhotoDetailsViewController.swift; sourceTree = "<group>"; };
		2896481022F8807F008664AB /* STPhotoDetailsLikesView.swift */ = {isa = PBXFileReference; fileEncoding = 4; lastKnownFileType = sourcecode.swift; path = STPhotoDetailsLikesView.swift; sourceTree = "<group>"; };
		2896481222F8807F008664AB /* STPhotoDetailsLocalization.swift */ = {isa = PBXFileReference; fileEncoding = 4; lastKnownFileType = sourcecode.swift; path = STPhotoDetailsLocalization.swift; sourceTree = "<group>"; };
		289648B522F880AD008664AB /* Assets.xcassets */ = {isa = PBXFileReference; lastKnownFileType = folder.assetcatalog; path = Assets.xcassets; sourceTree = "<group>"; };
		28A60CB4232CCA41006208CD /* ImageLocalTaskSpy.swift */ = {isa = PBXFileReference; lastKnownFileType = sourcecode.swift; path = ImageLocalTaskSpy.swift; sourceTree = "<group>"; };
		28A60CB6232CCA61006208CD /* PhotoCommentsLocalTaskSpy.swift */ = {isa = PBXFileReference; lastKnownFileType = sourcecode.swift; path = PhotoCommentsLocalTaskSpy.swift; sourceTree = "<group>"; };
		28A60CB8232CCA88006208CD /* PhotoCollectionLocalTaskSpy.swift */ = {isa = PBXFileReference; lastKnownFileType = sourcecode.swift; path = PhotoCollectionLocalTaskSpy.swift; sourceTree = "<group>"; };
		28A60CBA232CCAA1006208CD /* PhotoLocalTaskSpy.swift */ = {isa = PBXFileReference; lastKnownFileType = sourcecode.swift; path = PhotoLocalTaskSpy.swift; sourceTree = "<group>"; };
		28A60CBC232CCAC0006208CD /* LocationAddressLocalTaskSpy.swift */ = {isa = PBXFileReference; lastKnownFileType = sourcecode.swift; path = LocationAddressLocalTaskSpy.swift; sourceTree = "<group>"; };
		28A60CBE232CCADD006208CD /* LocationEntitiesLocalTaskSpy.swift */ = {isa = PBXFileReference; lastKnownFileType = sourcecode.swift; path = LocationEntitiesLocalTaskSpy.swift; sourceTree = "<group>"; };
		28E9304022F88812001D5ADB /* STPhotoCommentsViewTests.swift */ = {isa = PBXFileReference; fileEncoding = 4; lastKnownFileType = sourcecode.swift; path = STPhotoCommentsViewTests.swift; sourceTree = "<group>"; };
		28E9304122F88812001D5ADB /* STPhotoCommentsInteractorTests.swift */ = {isa = PBXFileReference; fileEncoding = 4; lastKnownFileType = sourcecode.swift; path = STPhotoCommentsInteractorTests.swift; sourceTree = "<group>"; };
		28E9304222F88812001D5ADB /* STPhotoCommentsWorkerTests.swift */ = {isa = PBXFileReference; fileEncoding = 4; lastKnownFileType = sourcecode.swift; path = STPhotoCommentsWorkerTests.swift; sourceTree = "<group>"; };
		28E9304322F88812001D5ADB /* STPhotoCommentsPresenterTests.swift */ = {isa = PBXFileReference; fileEncoding = 4; lastKnownFileType = sourcecode.swift; path = STPhotoCommentsPresenterTests.swift; sourceTree = "<group>"; };
		28E9304522F88812001D5ADB /* STPhotoCommentsBusinessLogicSpy.swift */ = {isa = PBXFileReference; fileEncoding = 4; lastKnownFileType = sourcecode.swift; path = STPhotoCommentsBusinessLogicSpy.swift; sourceTree = "<group>"; };
		28E9304622F88812001D5ADB /* STPhotoCommentsPresentationLogicSpy.swift */ = {isa = PBXFileReference; fileEncoding = 4; lastKnownFileType = sourcecode.swift; path = STPhotoCommentsPresentationLogicSpy.swift; sourceTree = "<group>"; };
		28E9304822F88812001D5ADB /* STPhotoCommentsDisplayLogicSpy.swift */ = {isa = PBXFileReference; fileEncoding = 4; lastKnownFileType = sourcecode.swift; path = STPhotoCommentsDisplayLogicSpy.swift; sourceTree = "<group>"; };
		28E9304A22F88812001D5ADB /* STPhotoCommentsWorkerDelegateSpy.swift */ = {isa = PBXFileReference; fileEncoding = 4; lastKnownFileType = sourcecode.swift; path = STPhotoCommentsWorkerDelegateSpy.swift; sourceTree = "<group>"; };
		28E9304B22F88812001D5ADB /* UIButtonSpy.swift */ = {isa = PBXFileReference; fileEncoding = 4; lastKnownFileType = sourcecode.swift; path = UIButtonSpy.swift; sourceTree = "<group>"; };
		28E9304C22F88812001D5ADB /* STPhotoCommentsViewCellInterfaceSpy.swift */ = {isa = PBXFileReference; fileEncoding = 4; lastKnownFileType = sourcecode.swift; path = STPhotoCommentsViewCellInterfaceSpy.swift; sourceTree = "<group>"; };
		28E9304D22F88812001D5ADB /* STPhotoCommentsWorkerSpy.swift */ = {isa = PBXFileReference; fileEncoding = 4; lastKnownFileType = sourcecode.swift; path = STPhotoCommentsWorkerSpy.swift; sourceTree = "<group>"; };
		28E9304F22F88812001D5ADB /* STPhotoDetailsPresenterTests.swift */ = {isa = PBXFileReference; fileEncoding = 4; lastKnownFileType = sourcecode.swift; path = STPhotoDetailsPresenterTests.swift; sourceTree = "<group>"; };
		28E9305022F88812001D5ADB /* STPhotoDetailsViewControllerTests.swift */ = {isa = PBXFileReference; fileEncoding = 4; lastKnownFileType = sourcecode.swift; path = STPhotoDetailsViewControllerTests.swift; sourceTree = "<group>"; };
		28E9305122F88812001D5ADB /* STPhotoDetailsWorkerTests.swift */ = {isa = PBXFileReference; fileEncoding = 4; lastKnownFileType = sourcecode.swift; path = STPhotoDetailsWorkerTests.swift; sourceTree = "<group>"; };
		28E9305222F88812001D5ADB /* STPhotoDetailsRouterTests.swift */ = {isa = PBXFileReference; fileEncoding = 4; lastKnownFileType = sourcecode.swift; path = STPhotoDetailsRouterTests.swift; sourceTree = "<group>"; };
		28E9305522F88812001D5ADB /* STPhotoCommentsViewSpy.swift */ = {isa = PBXFileReference; fileEncoding = 4; lastKnownFileType = sourcecode.swift; path = STPhotoCommentsViewSpy.swift; sourceTree = "<group>"; };
		28E9305622F88812001D5ADB /* STPhotoDetailsEntityCellInterfaceSpy.swift */ = {isa = PBXFileReference; fileEncoding = 4; lastKnownFileType = sourcecode.swift; path = STPhotoDetailsEntityCellInterfaceSpy.swift; sourceTree = "<group>"; };
		28E9305722F88812001D5ADB /* STPhotoDetailsBusinessLogicSpy.swift */ = {isa = PBXFileReference; fileEncoding = 4; lastKnownFileType = sourcecode.swift; path = STPhotoDetailsBusinessLogicSpy.swift; sourceTree = "<group>"; };
		28E9305A22F88812001D5ADB /* STPhotoDetailsInfoCellInterfaceSpy.swift */ = {isa = PBXFileReference; fileEncoding = 4; lastKnownFileType = sourcecode.swift; path = STPhotoDetailsInfoCellInterfaceSpy.swift; sourceTree = "<group>"; };
		28E9305B22F88812001D5ADB /* UITableViewSpy.swift */ = {isa = PBXFileReference; fileEncoding = 4; lastKnownFileType = sourcecode.swift; path = UITableViewSpy.swift; sourceTree = "<group>"; };
		28E9305C22F88812001D5ADB /* STPhotoDetailsRoutingLogicSpy.swift */ = {isa = PBXFileReference; fileEncoding = 4; lastKnownFileType = sourcecode.swift; path = STPhotoDetailsRoutingLogicSpy.swift; sourceTree = "<group>"; };
		28E9305D22F88812001D5ADB /* UINavigationControllerSpy.swift */ = {isa = PBXFileReference; fileEncoding = 4; lastKnownFileType = sourcecode.swift; path = UINavigationControllerSpy.swift; sourceTree = "<group>"; };
		28E9305E22F88812001D5ADB /* STPhotoDetailsImageCellInterfaceSpy.swift */ = {isa = PBXFileReference; fileEncoding = 4; lastKnownFileType = sourcecode.swift; path = STPhotoDetailsImageCellInterfaceSpy.swift; sourceTree = "<group>"; };
		28E9305F22F88812001D5ADB /* STPhotoDetailsPresentationLogicSpy.swift */ = {isa = PBXFileReference; fileEncoding = 4; lastKnownFileType = sourcecode.swift; path = STPhotoDetailsPresentationLogicSpy.swift; sourceTree = "<group>"; };
		28E9306022F88812001D5ADB /* STPhotoDetailsLikesViewSpy.swift */ = {isa = PBXFileReference; fileEncoding = 4; lastKnownFileType = sourcecode.swift; path = STPhotoDetailsLikesViewSpy.swift; sourceTree = "<group>"; };
		28E9306222F88812001D5ADB /* STPhotoDetailsWorkerDelegateSpy.swift */ = {isa = PBXFileReference; fileEncoding = 4; lastKnownFileType = sourcecode.swift; path = STPhotoDetailsWorkerDelegateSpy.swift; sourceTree = "<group>"; };
		28E9306322F88812001D5ADB /* STPhotoDetailsWorkerSpy.swift */ = {isa = PBXFileReference; fileEncoding = 4; lastKnownFileType = sourcecode.swift; path = STPhotoDetailsWorkerSpy.swift; sourceTree = "<group>"; };
		28E9306422F88812001D5ADB /* STPhotoDetailsDisplayLogicSpy.swift */ = {isa = PBXFileReference; fileEncoding = 4; lastKnownFileType = sourcecode.swift; path = STPhotoDetailsDisplayLogicSpy.swift; sourceTree = "<group>"; };
		28E9306522F88812001D5ADB /* STPhotoDetailsInteractorTests.swift */ = {isa = PBXFileReference; fileEncoding = 4; lastKnownFileType = sourcecode.swift; path = STPhotoDetailsInteractorTests.swift; sourceTree = "<group>"; };
		3549BB171DA3890B00C63030 /* Info.plist */ = {isa = PBXFileReference; fileEncoding = 4; lastKnownFileType = text.plist.xml; path = Info.plist; sourceTree = "<group>"; };
		3549BB181DA3890B00C63030 /* STPhotoDetails.h */ = {isa = PBXFileReference; fileEncoding = 4; lastKnownFileType = sourcecode.c.h; path = STPhotoDetails.h; sourceTree = "<group>"; };
		3549BB211DA389CD00C63030 /* STPhotoDetails.framework */ = {isa = PBXFileReference; explicitFileType = wrapper.framework; includeInIndex = 0; path = STPhotoDetails.framework; sourceTree = BUILT_PRODUCTS_DIR; };
		3549BB2E1DA389DB00C63030 /* STPhotoDetails.framework */ = {isa = PBXFileReference; explicitFileType = wrapper.framework; includeInIndex = 0; path = STPhotoDetails.framework; sourceTree = BUILT_PRODUCTS_DIR; };
		3549BB3B1DA389E800C63030 /* STPhotoDetails.framework */ = {isa = PBXFileReference; explicitFileType = wrapper.framework; includeInIndex = 0; path = STPhotoDetails.framework; sourceTree = BUILT_PRODUCTS_DIR; };
		3549BB481DA389F300C63030 /* STPhotoDetails.framework */ = {isa = PBXFileReference; explicitFileType = wrapper.framework; includeInIndex = 0; path = STPhotoDetails.framework; sourceTree = BUILT_PRODUCTS_DIR; };
		3549BB551DA38A5E00C63030 /* Info-tvOS.plist */ = {isa = PBXFileReference; fileEncoding = 4; lastKnownFileType = text.plist.xml; path = "Info-tvOS.plist"; sourceTree = "<group>"; };
		3549BB571DA38A8800C63030 /* Info-tvOS.plist */ = {isa = PBXFileReference; fileEncoding = 4; lastKnownFileType = text.plist.xml; path = "Info-tvOS.plist"; sourceTree = "<group>"; };
		3549BB581DA38A8800C63030 /* Info.plist */ = {isa = PBXFileReference; fileEncoding = 4; lastKnownFileType = text.plist.xml; path = Info.plist; sourceTree = "<group>"; };
		3549BB611DA38ADB00C63030 /* STPhotoDetailsTests-iOS.xctest */ = {isa = PBXFileReference; explicitFileType = wrapper.cfbundle; includeInIndex = 0; path = "STPhotoDetailsTests-iOS.xctest"; sourceTree = BUILT_PRODUCTS_DIR; };
		3549BB701DA38AEF00C63030 /* STPhotoDetailsTests-tvOS.xctest */ = {isa = PBXFileReference; explicitFileType = wrapper.cfbundle; includeInIndex = 0; path = "STPhotoDetailsTests-tvOS.xctest"; sourceTree = BUILT_PRODUCTS_DIR; };
		3549BB7F1DA38B0000C63030 /* STPhotoDetailsTests-macOS.xctest */ = {isa = PBXFileReference; explicitFileType = wrapper.cfbundle; includeInIndex = 0; path = "STPhotoDetailsTests-macOS.xctest"; sourceTree = BUILT_PRODUCTS_DIR; };
		3549BB8A1DA38C0A00C63030 /* STPhotoDetailsTests.swift */ = {isa = PBXFileReference; fileEncoding = 4; lastKnownFileType = sourcecode.swift; path = STPhotoDetailsTests.swift; sourceTree = "<group>"; };
/* End PBXFileReference section */

/* Begin PBXFrameworksBuildPhase section */
		3549BB1D1DA389CD00C63030 /* Frameworks */ = {
			isa = PBXFrameworksBuildPhase;
			buildActionMask = 2147483647;
			files = (
				289647C622F87FB0008664AB /* STPhotoCore.framework in Frameworks */,
			);
			runOnlyForDeploymentPostprocessing = 0;
		};
		3549BB2A1DA389DB00C63030 /* Frameworks */ = {
			isa = PBXFrameworksBuildPhase;
			buildActionMask = 2147483647;
			files = (
			);
			runOnlyForDeploymentPostprocessing = 0;
		};
		3549BB371DA389E800C63030 /* Frameworks */ = {
			isa = PBXFrameworksBuildPhase;
			buildActionMask = 2147483647;
			files = (
			);
			runOnlyForDeploymentPostprocessing = 0;
		};
		3549BB441DA389F300C63030 /* Frameworks */ = {
			isa = PBXFrameworksBuildPhase;
			buildActionMask = 2147483647;
			files = (
			);
			runOnlyForDeploymentPostprocessing = 0;
		};
		3549BB5E1DA38ADB00C63030 /* Frameworks */ = {
			isa = PBXFrameworksBuildPhase;
			buildActionMask = 2147483647;
			files = (
				28E9308A22F8899B001D5ADB /* STPhotoCore.framework in Frameworks */,
				3549BB661DA38ADB00C63030 /* STPhotoDetails.framework in Frameworks */,
			);
			runOnlyForDeploymentPostprocessing = 0;
		};
		3549BB6D1DA38AEF00C63030 /* Frameworks */ = {
			isa = PBXFrameworksBuildPhase;
			buildActionMask = 2147483647;
			files = (
				3549BB751DA38AEF00C63030 /* STPhotoDetails.framework in Frameworks */,
			);
			runOnlyForDeploymentPostprocessing = 0;
		};
		3549BB7C1DA38B0000C63030 /* Frameworks */ = {
			isa = PBXFrameworksBuildPhase;
			buildActionMask = 2147483647;
			files = (
				3549BB841DA38B0000C63030 /* STPhotoDetails.framework in Frameworks */,
			);
			runOnlyForDeploymentPostprocessing = 0;
		};
/* End PBXFrameworksBuildPhase section */

/* Begin PBXGroup section */
		289647C822F8807F008664AB /* Localization */ = {
			isa = PBXGroup;
			children = (
				289647C922F8807F008664AB /* Localizable.strings */,
				289647CB22F8807F008664AB /* Localizable.stringsdict */,
			);
			path = Localization;
			sourceTree = "<group>";
		};
		289647E222F8807F008664AB /* Extensions */ = {
			isa = PBXGroup;
			children = (
				289647E522F8807F008664AB /* UIColor */,
				289647E922F8807F008664AB /* Bundle */,
			);
			path = Extensions;
			sourceTree = "<group>";
		};
		289647E522F8807F008664AB /* UIColor */ = {
			isa = PBXGroup;
			children = (
				289647E622F8807F008664AB /* UIColor+Hex.swift */,
			);
			path = UIColor;
			sourceTree = "<group>";
		};
		289647E922F8807F008664AB /* Bundle */ = {
			isa = PBXGroup;
			children = (
				289647EA22F8807F008664AB /* Bundle+Module.swift */,
			);
			path = Bundle;
			sourceTree = "<group>";
		};
		289647ED22F8807F008664AB /* Scenes */ = {
			isa = PBXGroup;
			children = (
				289647EE22F8807F008664AB /* Photo Comments */,
				289647FD22F8807F008664AB /* Photo Details */,
			);
			path = Scenes;
			sourceTree = "<group>";
		};
		289647EE22F8807F008664AB /* Photo Comments */ = {
			isa = PBXGroup;
			children = (
				289647EF22F8807F008664AB /* STPhotoCommentsInteractor.swift */,
				289647F022F8807F008664AB /* Cells */,
				289647F222F8807F008664AB /* STPhotoCommentsPresenter.swift */,
				289647F322F8807F008664AB /* Style */,
				289647F522F8807F008664AB /* STPhotoCommentsModels.swift */,
				289647F622F8807F008664AB /* Views */,
				289647F822F8807F008664AB /* STPhotoCommentsRouter.swift */,
				289647F922F8807F008664AB /* Localization */,
				289647FB22F8807F008664AB /* STPhotoCommentsView.swift */,
				289647FC22F8807F008664AB /* STPhotoCommentsWorker.swift */,
			);
			path = "Photo Comments";
			sourceTree = "<group>";
		};
		289647F022F8807F008664AB /* Cells */ = {
			isa = PBXGroup;
			children = (
				289647F122F8807F008664AB /* STPhotoCommentsViewCell.swift */,
			);
			path = Cells;
			sourceTree = "<group>";
		};
		289647F322F8807F008664AB /* Style */ = {
			isa = PBXGroup;
			children = (
				289647F422F8807F008664AB /* STPhotoCommentsStyle.swift */,
			);
			path = Style;
			sourceTree = "<group>";
		};
		289647F622F8807F008664AB /* Views */ = {
			isa = PBXGroup;
			children = (
				289647F722F8807F008664AB /* STPhotoCommentsEmptyView.swift */,
			);
			path = Views;
			sourceTree = "<group>";
		};
		289647F922F8807F008664AB /* Localization */ = {
			isa = PBXGroup;
			children = (
				289647FA22F8807F008664AB /* STPhotoCommentsLocalization.swift */,
			);
			path = Localization;
			sourceTree = "<group>";
		};
		289647FD22F8807F008664AB /* Photo Details */ = {
			isa = PBXGroup;
			children = (
				289647FE22F8807F008664AB /* STPhotoDetailsInteractor.swift */,
				289647FF22F8807F008664AB /* Cells */,
				2896480422F8807F008664AB /* STPhotoDetailsPresenter.swift */,
				2896480522F8807F008664AB /* Style */,
				2896480722F8807F008664AB /* STPhotoDetailsModels.swift */,
				2896480822F8807F008664AB /* STPhotoDetailsWorker.swift */,
				2896480922F8807F008664AB /* STPhotoDetailsRouter.swift */,
				2896480A22F8807F008664AB /* View Controller */,
				2896480F22F8807F008664AB /* Views */,
				2896481122F8807F008664AB /* Localization */,
			);
			path = "Photo Details";
			sourceTree = "<group>";
		};
		289647FF22F8807F008664AB /* Cells */ = {
			isa = PBXGroup;
			children = (
				2896480022F8807F008664AB /* STPhotoDetailsInfoCell.swift */,
				2896480122F8807F008664AB /* STPhotoDetailsImageCell.swift */,
				2896480222F8807F008664AB /* STPhotoDetailsEntityCell.swift */,
				2896480322F8807F008664AB /* STPhotoDetailsSpaceCell.swift */,
			);
			path = Cells;
			sourceTree = "<group>";
		};
		2896480522F8807F008664AB /* Style */ = {
			isa = PBXGroup;
			children = (
				2896480622F8807F008664AB /* STPhotoDetailsStyle.swift */,
			);
			path = Style;
			sourceTree = "<group>";
		};
		2896480A22F8807F008664AB /* View Controller */ = {
			isa = PBXGroup;
			children = (
				2896480B22F8807F008664AB /* STPhotoDetailsViewController+TableViewDataSource.swift */,
				2896480C22F8807F008664AB /* STPhotoDetailsViewController+Subviews.swift */,
				2896480D22F8807F008664AB /* STPhotoDetailsViewController+DisplayLogic.swift */,
				2896480E22F8807F008664AB /* STPhotoDetailsViewController.swift */,
			);
			path = "View Controller";
			sourceTree = "<group>";
		};
		2896480F22F8807F008664AB /* Views */ = {
			isa = PBXGroup;
			children = (
				2896481022F8807F008664AB /* STPhotoDetailsLikesView.swift */,
			);
			path = Views;
			sourceTree = "<group>";
		};
		2896481122F8807F008664AB /* Localization */ = {
			isa = PBXGroup;
			children = (
				2896481222F8807F008664AB /* STPhotoDetailsLocalization.swift */,
			);
			path = Localization;
			sourceTree = "<group>";
		};
		28E9303E22F88812001D5ADB /* Scenes */ = {
			isa = PBXGroup;
			children = (
				28E9303F22F88812001D5ADB /* Photo Comments */,
				28E9304E22F88812001D5ADB /* Photo Details */,
			);
			path = Scenes;
			sourceTree = "<group>";
		};
		28E9303F22F88812001D5ADB /* Photo Comments */ = {
			isa = PBXGroup;
			children = (
				28E9304022F88812001D5ADB /* STPhotoCommentsViewTests.swift */,
				28E9304122F88812001D5ADB /* STPhotoCommentsInteractorTests.swift */,
				28E9304222F88812001D5ADB /* STPhotoCommentsWorkerTests.swift */,
				28E9304322F88812001D5ADB /* STPhotoCommentsPresenterTests.swift */,
				28E9304422F88812001D5ADB /* Test Doubles */,
			);
			path = "Photo Comments";
			sourceTree = "<group>";
		};
		28E9304422F88812001D5ADB /* Test Doubles */ = {
			isa = PBXGroup;
			children = (
				28E9304522F88812001D5ADB /* STPhotoCommentsBusinessLogicSpy.swift */,
				28E9304622F88812001D5ADB /* STPhotoCommentsPresentationLogicSpy.swift */,
				28E9304822F88812001D5ADB /* STPhotoCommentsDisplayLogicSpy.swift */,
				28E9304A22F88812001D5ADB /* STPhotoCommentsWorkerDelegateSpy.swift */,
				28E9304B22F88812001D5ADB /* UIButtonSpy.swift */,
				28E9304C22F88812001D5ADB /* STPhotoCommentsViewCellInterfaceSpy.swift */,
				28E9304D22F88812001D5ADB /* STPhotoCommentsWorkerSpy.swift */,
				28A60CB4232CCA41006208CD /* ImageLocalTaskSpy.swift */,
				28A60CB6232CCA61006208CD /* PhotoCommentsLocalTaskSpy.swift */,
			);
			path = "Test Doubles";
			sourceTree = "<group>";
		};
		28E9304E22F88812001D5ADB /* Photo Details */ = {
			isa = PBXGroup;
			children = (
				28E9304F22F88812001D5ADB /* STPhotoDetailsPresenterTests.swift */,
				28E9305022F88812001D5ADB /* STPhotoDetailsViewControllerTests.swift */,
				28E9305122F88812001D5ADB /* STPhotoDetailsWorkerTests.swift */,
				28E9305222F88812001D5ADB /* STPhotoDetailsRouterTests.swift */,
				28E9305322F88812001D5ADB /* Test Doubles */,
				28E9306522F88812001D5ADB /* STPhotoDetailsInteractorTests.swift */,
			);
			path = "Photo Details";
			sourceTree = "<group>";
		};
		28E9305322F88812001D5ADB /* Test Doubles */ = {
			isa = PBXGroup;
			children = (
				28E9305522F88812001D5ADB /* STPhotoCommentsViewSpy.swift */,
				28E9305622F88812001D5ADB /* STPhotoDetailsEntityCellInterfaceSpy.swift */,
				28E9305722F88812001D5ADB /* STPhotoDetailsBusinessLogicSpy.swift */,
				28E9305A22F88812001D5ADB /* STPhotoDetailsInfoCellInterfaceSpy.swift */,
				28E9305B22F88812001D5ADB /* UITableViewSpy.swift */,
				28E9305C22F88812001D5ADB /* STPhotoDetailsRoutingLogicSpy.swift */,
				28E9305D22F88812001D5ADB /* UINavigationControllerSpy.swift */,
				28E9305E22F88812001D5ADB /* STPhotoDetailsImageCellInterfaceSpy.swift */,
				28E9305F22F88812001D5ADB /* STPhotoDetailsPresentationLogicSpy.swift */,
				28E9306022F88812001D5ADB /* STPhotoDetailsLikesViewSpy.swift */,
				28E9306222F88812001D5ADB /* STPhotoDetailsWorkerDelegateSpy.swift */,
				28E9306322F88812001D5ADB /* STPhotoDetailsWorkerSpy.swift */,
				28E9306422F88812001D5ADB /* STPhotoDetailsDisplayLogicSpy.swift */,
				2878447222F942EC00FC56A4 /* STPhotoDetailsViewControllerSpy.swift */,
				28A60CB8232CCA88006208CD /* PhotoCollectionLocalTaskSpy.swift */,
				28A60CBA232CCAA1006208CD /* PhotoLocalTaskSpy.swift */,
				28A60CBC232CCAC0006208CD /* LocationAddressLocalTaskSpy.swift */,
				28A60CBE232CCADD006208CD /* LocationEntitiesLocalTaskSpy.swift */,
			);
			path = "Test Doubles";
			sourceTree = "<group>";
		};
		3549BAFB1DA387DB00C63030 = {
			isa = PBXGroup;
			children = (
				3549BB161DA3890B00C63030 /* Sources */,
				3549BB191DA3890B00C63030 /* Tests */,
				3549BB061DA387DB00C63030 /* Products */,
				357D954B1DA3F2B400AEC55F /* Frameworks */,
			);
			sourceTree = "<group>";
		};
		3549BB061DA387DB00C63030 /* Products */ = {
			isa = PBXGroup;
			children = (
				3549BB211DA389CD00C63030 /* STPhotoDetails.framework */,
				3549BB2E1DA389DB00C63030 /* STPhotoDetails.framework */,
				3549BB3B1DA389E800C63030 /* STPhotoDetails.framework */,
				3549BB481DA389F300C63030 /* STPhotoDetails.framework */,
				3549BB611DA38ADB00C63030 /* STPhotoDetailsTests-iOS.xctest */,
				3549BB701DA38AEF00C63030 /* STPhotoDetailsTests-tvOS.xctest */,
				3549BB7F1DA38B0000C63030 /* STPhotoDetailsTests-macOS.xctest */,
			);
			name = Products;
			sourceTree = "<group>";
		};
		3549BB161DA3890B00C63030 /* Sources */ = {
			isa = PBXGroup;
			children = (
				289647E222F8807F008664AB /* Extensions */,
				289647C822F8807F008664AB /* Localization */,
				289647ED22F8807F008664AB /* Scenes */,
				3549BB541DA38A4000C63030 /* Supporting Files */,
				289648B522F880AD008664AB /* Assets.xcassets */,
			);
			path = Sources;
			sourceTree = "<group>";
		};
		3549BB191DA3890B00C63030 /* Tests */ = {
			isa = PBXGroup;
			children = (
				28E9303E22F88812001D5ADB /* Scenes */,
				3549BB8A1DA38C0A00C63030 /* STPhotoDetailsTests.swift */,
				3549BB5B1DA38A8C00C63030 /* Supporting Files */,
			);
			path = Tests;
			sourceTree = "<group>";
		};
		3549BB541DA38A4000C63030 /* Supporting Files */ = {
			isa = PBXGroup;
			children = (
				3549BB181DA3890B00C63030 /* STPhotoDetails.h */,
				3549BB171DA3890B00C63030 /* Info.plist */,
				3549BB551DA38A5E00C63030 /* Info-tvOS.plist */,
			);
			name = "Supporting Files";
			sourceTree = "<group>";
		};
		3549BB5B1DA38A8C00C63030 /* Supporting Files */ = {
			isa = PBXGroup;
			children = (
				3549BB581DA38A8800C63030 /* Info.plist */,
				3549BB571DA38A8800C63030 /* Info-tvOS.plist */,
			);
			name = "Supporting Files";
			sourceTree = "<group>";
		};
		357D954B1DA3F2B400AEC55F /* Frameworks */ = {
			isa = PBXGroup;
			children = (
				289647C522F87FB0008664AB /* STPhotoCore.framework */,
			);
			name = Frameworks;
			sourceTree = "<group>";
		};
/* End PBXGroup section */

/* Begin PBXHeadersBuildPhase section */
		3549BB1E1DA389CD00C63030 /* Headers */ = {
			isa = PBXHeadersBuildPhase;
			buildActionMask = 2147483647;
			files = (
				3549BB501DA38A2000C63030 /* STPhotoDetails.h in Headers */,
			);
			runOnlyForDeploymentPostprocessing = 0;
		};
		3549BB2B1DA389DB00C63030 /* Headers */ = {
			isa = PBXHeadersBuildPhase;
			buildActionMask = 2147483647;
			files = (
				3549BB521DA38A2100C63030 /* STPhotoDetails.h in Headers */,
			);
			runOnlyForDeploymentPostprocessing = 0;
		};
		3549BB381DA389E800C63030 /* Headers */ = {
			isa = PBXHeadersBuildPhase;
			buildActionMask = 2147483647;
			files = (
				3549BB531DA38A2200C63030 /* STPhotoDetails.h in Headers */,
			);
			runOnlyForDeploymentPostprocessing = 0;
		};
		3549BB451DA389F300C63030 /* Headers */ = {
			isa = PBXHeadersBuildPhase;
			buildActionMask = 2147483647;
			files = (
				3549BB511DA38A2000C63030 /* STPhotoDetails.h in Headers */,
			);
			runOnlyForDeploymentPostprocessing = 0;
		};
/* End PBXHeadersBuildPhase section */

/* Begin PBXNativeTarget section */
		3549BB201DA389CD00C63030 /* STPhotoDetails-iOS */ = {
			isa = PBXNativeTarget;
			buildConfigurationList = 3549BB261DA389CD00C63030 /* Build configuration list for PBXNativeTarget "STPhotoDetails-iOS" */;
			buildPhases = (
				3549BB1C1DA389CD00C63030 /* Sources */,
				3549BB1D1DA389CD00C63030 /* Frameworks */,
				3549BB1E1DA389CD00C63030 /* Headers */,
				3549BB1F1DA389CD00C63030 /* Resources */,
				289647C722F87FB5008664AB /* ShellScript */,
			);
			buildRules = (
			);
			dependencies = (
			);
			name = "STPhotoDetails-iOS";
			productName = "STPhotoDetails-iOS";
			productReference = 3549BB211DA389CD00C63030 /* STPhotoDetails.framework */;
			productType = "com.apple.product-type.framework";
		};
		3549BB2D1DA389DB00C63030 /* STPhotoDetails-watchOS */ = {
			isa = PBXNativeTarget;
			buildConfigurationList = 3549BB331DA389DB00C63030 /* Build configuration list for PBXNativeTarget "STPhotoDetails-watchOS" */;
			buildPhases = (
				3549BB291DA389DB00C63030 /* Sources */,
				3549BB2A1DA389DB00C63030 /* Frameworks */,
				3549BB2B1DA389DB00C63030 /* Headers */,
				3549BB2C1DA389DB00C63030 /* Resources */,
			);
			buildRules = (
			);
			dependencies = (
			);
			name = "STPhotoDetails-watchOS";
			productName = "STPhotoDetails-watchOS";
			productReference = 3549BB2E1DA389DB00C63030 /* STPhotoDetails.framework */;
			productType = "com.apple.product-type.framework";
		};
		3549BB3A1DA389E800C63030 /* STPhotoDetails-macOS */ = {
			isa = PBXNativeTarget;
			buildConfigurationList = 3549BB401DA389E800C63030 /* Build configuration list for PBXNativeTarget "STPhotoDetails-macOS" */;
			buildPhases = (
				3549BB361DA389E800C63030 /* Sources */,
				3549BB371DA389E800C63030 /* Frameworks */,
				3549BB381DA389E800C63030 /* Headers */,
				3549BB391DA389E800C63030 /* Resources */,
			);
			buildRules = (
			);
			dependencies = (
			);
			name = "STPhotoDetails-macOS";
			productName = "STPhotoDetails-macOS";
			productReference = 3549BB3B1DA389E800C63030 /* STPhotoDetails.framework */;
			productType = "com.apple.product-type.framework";
		};
		3549BB471DA389F300C63030 /* STPhotoDetails-tvOS */ = {
			isa = PBXNativeTarget;
			buildConfigurationList = 3549BB4D1DA389F300C63030 /* Build configuration list for PBXNativeTarget "STPhotoDetails-tvOS" */;
			buildPhases = (
				3549BB431DA389F300C63030 /* Sources */,
				3549BB441DA389F300C63030 /* Frameworks */,
				3549BB451DA389F300C63030 /* Headers */,
				3549BB461DA389F300C63030 /* Resources */,
			);
			buildRules = (
			);
			dependencies = (
			);
			name = "STPhotoDetails-tvOS";
			productName = "STPhotoDetails-tvOS";
			productReference = 3549BB481DA389F300C63030 /* STPhotoDetails.framework */;
			productType = "com.apple.product-type.framework";
		};
		3549BB601DA38ADB00C63030 /* STPhotoDetailsTests-iOS */ = {
			isa = PBXNativeTarget;
			buildConfigurationList = 3549BB691DA38ADB00C63030 /* Build configuration list for PBXNativeTarget "STPhotoDetailsTests-iOS" */;
			buildPhases = (
				3549BB5D1DA38ADB00C63030 /* Sources */,
				3549BB5E1DA38ADB00C63030 /* Frameworks */,
				3549BB5F1DA38ADB00C63030 /* Resources */,
				28E9308922F88976001D5ADB /* ShellScript */,
			);
			buildRules = (
			);
			dependencies = (
				3549BB681DA38ADB00C63030 /* PBXTargetDependency */,
			);
			name = "STPhotoDetailsTests-iOS";
			productName = "STPhotoDetailsTests-iOS";
			productReference = 3549BB611DA38ADB00C63030 /* STPhotoDetailsTests-iOS.xctest */;
			productType = "com.apple.product-type.bundle.unit-test";
		};
		3549BB6F1DA38AEF00C63030 /* STPhotoDetailsTests-tvOS */ = {
			isa = PBXNativeTarget;
			buildConfigurationList = 3549BB781DA38AEF00C63030 /* Build configuration list for PBXNativeTarget "STPhotoDetailsTests-tvOS" */;
			buildPhases = (
				3549BB6C1DA38AEF00C63030 /* Sources */,
				3549BB6D1DA38AEF00C63030 /* Frameworks */,
				3549BB6E1DA38AEF00C63030 /* Resources */,
			);
			buildRules = (
			);
			dependencies = (
				3549BB771DA38AEF00C63030 /* PBXTargetDependency */,
			);
			name = "STPhotoDetailsTests-tvOS";
			productName = "STPhotoDetailsTests-tvOS";
			productReference = 3549BB701DA38AEF00C63030 /* STPhotoDetailsTests-tvOS.xctest */;
			productType = "com.apple.product-type.bundle.unit-test";
		};
		3549BB7E1DA38B0000C63030 /* STPhotoDetailsTests-macOS */ = {
			isa = PBXNativeTarget;
			buildConfigurationList = 3549BB871DA38B0000C63030 /* Build configuration list for PBXNativeTarget "STPhotoDetailsTests-macOS" */;
			buildPhases = (
				3549BB7B1DA38B0000C63030 /* Sources */,
				3549BB7C1DA38B0000C63030 /* Frameworks */,
				3549BB7D1DA38B0000C63030 /* Resources */,
			);
			buildRules = (
			);
			dependencies = (
				3549BB861DA38B0000C63030 /* PBXTargetDependency */,
			);
			name = "STPhotoDetailsTests-macOS";
			productName = "STPhotoDetailsTests-macOS";
			productReference = 3549BB7F1DA38B0000C63030 /* STPhotoDetailsTests-macOS.xctest */;
			productType = "com.apple.product-type.bundle.unit-test";
		};
/* End PBXNativeTarget section */

/* Begin PBXProject section */
		3549BAFC1DA387DB00C63030 /* Project object */ = {
			isa = PBXProject;
			attributes = {
				LastSwiftUpdateCheck = 0800;
				LastUpgradeCheck = 1030;
				ORGANIZATIONNAME = mikelanza;
				TargetAttributes = {
					3549BB201DA389CD00C63030 = {
						CreatedOnToolsVersion = 8.0;
						LastSwiftMigration = 1020;
						ProvisioningStyle = Automatic;
					};
					3549BB2D1DA389DB00C63030 = {
						CreatedOnToolsVersion = 8.0;
						LastSwiftMigration = "";
						ProvisioningStyle = Automatic;
					};
					3549BB3A1DA389E800C63030 = {
						CreatedOnToolsVersion = 8.0;
						LastSwiftMigration = 0900;
						ProvisioningStyle = Automatic;
					};
					3549BB471DA389F300C63030 = {
						CreatedOnToolsVersion = 8.0;
						LastSwiftMigration = 0900;
						ProvisioningStyle = Automatic;
					};
					3549BB601DA38ADB00C63030 = {
						CreatedOnToolsVersion = 8.0;
						LastSwiftMigration = 1020;
						ProvisioningStyle = Automatic;
					};
					3549BB6F1DA38AEF00C63030 = {
						CreatedOnToolsVersion = 8.0;
						LastSwiftMigration = 0900;
						ProvisioningStyle = Automatic;
					};
					3549BB7E1DA38B0000C63030 = {
						CreatedOnToolsVersion = 8.0;
						LastSwiftMigration = 0900;
						ProvisioningStyle = Automatic;
					};
				};
			};
			buildConfigurationList = 3549BAFF1DA387DB00C63030 /* Build configuration list for PBXProject "STPhotoDetails" */;
			compatibilityVersion = "Xcode 3.2";
			developmentRegion = en;
			hasScannedForEncodings = 0;
			knownRegions = (
				en,
				Base,
				ro,
			);
			mainGroup = 3549BAFB1DA387DB00C63030;
			productRefGroup = 3549BB061DA387DB00C63030 /* Products */;
			projectDirPath = "";
			projectRoot = "";
			targets = (
				3549BB201DA389CD00C63030 /* STPhotoDetails-iOS */,
				3549BB601DA38ADB00C63030 /* STPhotoDetailsTests-iOS */,
				3549BB3A1DA389E800C63030 /* STPhotoDetails-macOS */,
				3549BB7E1DA38B0000C63030 /* STPhotoDetailsTests-macOS */,
				3549BB471DA389F300C63030 /* STPhotoDetails-tvOS */,
				3549BB6F1DA38AEF00C63030 /* STPhotoDetailsTests-tvOS */,
				3549BB2D1DA389DB00C63030 /* STPhotoDetails-watchOS */,
			);
		};
/* End PBXProject section */

/* Begin PBXResourcesBuildPhase section */
		3549BB1F1DA389CD00C63030 /* Resources */ = {
			isa = PBXResourcesBuildPhase;
			buildActionMask = 2147483647;
			files = (
				2896486422F8807F008664AB /* Localizable.strings in Resources */,
				289648B622F880AD008664AB /* Assets.xcassets in Resources */,
				2896486522F8807F008664AB /* Localizable.stringsdict in Resources */,
			);
			runOnlyForDeploymentPostprocessing = 0;
		};
		3549BB2C1DA389DB00C63030 /* Resources */ = {
			isa = PBXResourcesBuildPhase;
			buildActionMask = 2147483647;
			files = (
			);
			runOnlyForDeploymentPostprocessing = 0;
		};
		3549BB391DA389E800C63030 /* Resources */ = {
			isa = PBXResourcesBuildPhase;
			buildActionMask = 2147483647;
			files = (
			);
			runOnlyForDeploymentPostprocessing = 0;
		};
		3549BB461DA389F300C63030 /* Resources */ = {
			isa = PBXResourcesBuildPhase;
			buildActionMask = 2147483647;
			files = (
			);
			runOnlyForDeploymentPostprocessing = 0;
		};
		3549BB5F1DA38ADB00C63030 /* Resources */ = {
			isa = PBXResourcesBuildPhase;
			buildActionMask = 2147483647;
			files = (
			);
			runOnlyForDeploymentPostprocessing = 0;
		};
		3549BB6E1DA38AEF00C63030 /* Resources */ = {
			isa = PBXResourcesBuildPhase;
			buildActionMask = 2147483647;
			files = (
			);
			runOnlyForDeploymentPostprocessing = 0;
		};
		3549BB7D1DA38B0000C63030 /* Resources */ = {
			isa = PBXResourcesBuildPhase;
			buildActionMask = 2147483647;
			files = (
			);
			runOnlyForDeploymentPostprocessing = 0;
		};
/* End PBXResourcesBuildPhase section */

/* Begin PBXShellScriptBuildPhase section */
		289647C722F87FB5008664AB /* ShellScript */ = {
			isa = PBXShellScriptBuildPhase;
			buildActionMask = 2147483647;
			files = (
			);
			inputFileListPaths = (
			);
			inputPaths = (
				"$(SRCROOT)/Carthage/Build/iOS/STPhotoCore.framework",
			);
			outputFileListPaths = (
			);
			outputPaths = (
				"$(BUILT_PRODUCTS_DIR)/$(FRAMEWORKS_FOLDER_PATH)/STPhotoCore.framework",
			);
			runOnlyForDeploymentPostprocessing = 0;
			shellPath = /bin/sh;
			shellScript = "/usr/local/bin/carthage copy-frameworks\n\n";
		};
		28E9308922F88976001D5ADB /* ShellScript */ = {
			isa = PBXShellScriptBuildPhase;
			buildActionMask = 2147483647;
			files = (
			);
			inputFileListPaths = (
			);
			inputPaths = (
				"$(SRCROOT)/Carthage/Build/iOS/STPhotoCore.framework",
			);
			outputFileListPaths = (
			);
			outputPaths = (
				"$(BUILT_PRODUCTS_DIR)/$(FRAMEWORKS_FOLDER_PATH)/STPhotoCore.framework",
			);
			runOnlyForDeploymentPostprocessing = 0;
			shellPath = /bin/sh;
			shellScript = "/usr/local/bin/carthage copy-frameworks\n";
		};
/* End PBXShellScriptBuildPhase section */

/* Begin PBXSourcesBuildPhase section */
		3549BB1C1DA389CD00C63030 /* Sources */ = {
			isa = PBXSourcesBuildPhase;
			buildActionMask = 2147483647;
			files = (
				2896488522F8807F008664AB /* STPhotoDetailsModels.swift in Sources */,
				2896487922F8807F008664AB /* STPhotoCommentsEmptyView.swift in Sources */,
				2896487222F8807F008664AB /* Bundle+Module.swift in Sources */,
				2896488B22F8807F008664AB /* STPhotoDetailsViewController.swift in Sources */,
				2896488122F8807F008664AB /* STPhotoDetailsEntityCell.swift in Sources */,
				2896488A22F8807F008664AB /* STPhotoDetailsViewController+DisplayLogic.swift in Sources */,
				2896488222F8807F008664AB /* STPhotoDetailsSpaceCell.swift in Sources */,
				2896487822F8807F008664AB /* STPhotoCommentsModels.swift in Sources */,
				2896488D22F8807F008664AB /* STPhotoDetailsLocalization.swift in Sources */,
				2896487622F8807F008664AB /* STPhotoCommentsPresenter.swift in Sources */,
				2896487722F8807F008664AB /* STPhotoCommentsStyle.swift in Sources */,
				2896488C22F8807F008664AB /* STPhotoDetailsLikesView.swift in Sources */,
				2896487522F8807F008664AB /* STPhotoCommentsViewCell.swift in Sources */,
				2896488022F8807F008664AB /* STPhotoDetailsImageCell.swift in Sources */,
				2896488922F8807F008664AB /* STPhotoDetailsViewController+Subviews.swift in Sources */,
				2896487C22F8807F008664AB /* STPhotoCommentsView.swift in Sources */,
				2896488722F8807F008664AB /* STPhotoDetailsRouter.swift in Sources */,
				2896487A22F8807F008664AB /* STPhotoCommentsRouter.swift in Sources */,
				2896488622F8807F008664AB /* STPhotoDetailsWorker.swift in Sources */,
				2896488322F8807F008664AB /* STPhotoDetailsPresenter.swift in Sources */,
				2896487D22F8807F008664AB /* STPhotoCommentsWorker.swift in Sources */,
				2896487B22F8807F008664AB /* STPhotoCommentsLocalization.swift in Sources */,
				2896488822F8807F008664AB /* STPhotoDetailsViewController+TableViewDataSource.swift in Sources */,
				2896487E22F8807F008664AB /* STPhotoDetailsInteractor.swift in Sources */,
				2896487422F8807F008664AB /* STPhotoCommentsInteractor.swift in Sources */,
				2896487022F8807F008664AB /* UIColor+Hex.swift in Sources */,
				2896488422F8807F008664AB /* STPhotoDetailsStyle.swift in Sources */,
				2896487F22F8807F008664AB /* STPhotoDetailsInfoCell.swift in Sources */,
			);
			runOnlyForDeploymentPostprocessing = 0;
		};
		3549BB291DA389DB00C63030 /* Sources */ = {
			isa = PBXSourcesBuildPhase;
			buildActionMask = 2147483647;
			files = (
			);
			runOnlyForDeploymentPostprocessing = 0;
		};
		3549BB361DA389E800C63030 /* Sources */ = {
			isa = PBXSourcesBuildPhase;
			buildActionMask = 2147483647;
			files = (
			);
			runOnlyForDeploymentPostprocessing = 0;
		};
		3549BB431DA389F300C63030 /* Sources */ = {
			isa = PBXSourcesBuildPhase;
			buildActionMask = 2147483647;
			files = (
			);
			runOnlyForDeploymentPostprocessing = 0;
		};
		3549BB5D1DA38ADB00C63030 /* Sources */ = {
			isa = PBXSourcesBuildPhase;
			buildActionMask = 2147483647;
			files = (
				28E9307222F88812001D5ADB /* STPhotoCommentsWorkerSpy.swift in Sources */,
				28A60CBF232CCADD006208CD /* LocationEntitiesLocalTaskSpy.swift in Sources */,
				28E9306922F88812001D5ADB /* STPhotoCommentsPresenterTests.swift in Sources */,
				28E9306F22F88812001D5ADB /* STPhotoCommentsWorkerDelegateSpy.swift in Sources */,
				28E9308522F88812001D5ADB /* STPhotoDetailsWorkerDelegateSpy.swift in Sources */,
				28E9307F22F88812001D5ADB /* STPhotoDetailsRoutingLogicSpy.swift in Sources */,
				28E9308122F88812001D5ADB /* STPhotoDetailsImageCellInterfaceSpy.swift in Sources */,
				2878447422F9431B00FC56A4 /* STPhotoDetailsViewControllerSpy.swift in Sources */,
				28E9307622F88812001D5ADB /* STPhotoDetailsRouterTests.swift in Sources */,
				28E9308222F88812001D5ADB /* STPhotoDetailsPresentationLogicSpy.swift in Sources */,
				28E9307022F88812001D5ADB /* UIButtonSpy.swift in Sources */,
				28E9307322F88812001D5ADB /* STPhotoDetailsPresenterTests.swift in Sources */,
				28E9307122F88812001D5ADB /* STPhotoCommentsViewCellInterfaceSpy.swift in Sources */,
				28E9307D22F88812001D5ADB /* STPhotoDetailsInfoCellInterfaceSpy.swift in Sources */,
				28E9307A22F88812001D5ADB /* STPhotoDetailsBusinessLogicSpy.swift in Sources */,
				28E9308822F88812001D5ADB /* STPhotoDetailsInteractorTests.swift in Sources */,
				28A60CB9232CCA88006208CD /* PhotoCollectionLocalTaskSpy.swift in Sources */,
				28E9307822F88812001D5ADB /* STPhotoCommentsViewSpy.swift in Sources */,
				28E9306622F88812001D5ADB /* STPhotoCommentsViewTests.swift in Sources */,
				28E9307522F88812001D5ADB /* STPhotoDetailsWorkerTests.swift in Sources */,
				28E9308622F88812001D5ADB /* STPhotoDetailsWorkerSpy.swift in Sources */,
				28E9306722F88812001D5ADB /* STPhotoCommentsInteractorTests.swift in Sources */,
				28E9306D22F88812001D5ADB /* STPhotoCommentsDisplayLogicSpy.swift in Sources */,
				28A60CBB232CCAA1006208CD /* PhotoLocalTaskSpy.swift in Sources */,
				28A60CBD232CCAC0006208CD /* LocationAddressLocalTaskSpy.swift in Sources */,
				28E9307422F88812001D5ADB /* STPhotoDetailsViewControllerTests.swift in Sources */,
				28E9306B22F88812001D5ADB /* STPhotoCommentsPresentationLogicSpy.swift in Sources */,
				28E9308722F88812001D5ADB /* STPhotoDetailsDisplayLogicSpy.swift in Sources */,
				28E9306A22F88812001D5ADB /* STPhotoCommentsBusinessLogicSpy.swift in Sources */,
				28E9307922F88812001D5ADB /* STPhotoDetailsEntityCellInterfaceSpy.swift in Sources */,
				28E9307E22F88812001D5ADB /* UITableViewSpy.swift in Sources */,
				28E9308022F88812001D5ADB /* UINavigationControllerSpy.swift in Sources */,
				28A60CB7232CCA61006208CD /* PhotoCommentsLocalTaskSpy.swift in Sources */,
				28E9306822F88812001D5ADB /* STPhotoCommentsWorkerTests.swift in Sources */,
				28E9308322F88812001D5ADB /* STPhotoDetailsLikesViewSpy.swift in Sources */,
				3549BB8B1DA38C0A00C63030 /* STPhotoDetailsTests.swift in Sources */,
				28A60CB5232CCA41006208CD /* ImageLocalTaskSpy.swift in Sources */,
			);
			runOnlyForDeploymentPostprocessing = 0;
		};
		3549BB6C1DA38AEF00C63030 /* Sources */ = {
			isa = PBXSourcesBuildPhase;
			buildActionMask = 2147483647;
			files = (
				3549BB8D1DA38C0A00C63030 /* STPhotoDetailsTests.swift in Sources */,
			);
			runOnlyForDeploymentPostprocessing = 0;
		};
		3549BB7B1DA38B0000C63030 /* Sources */ = {
			isa = PBXSourcesBuildPhase;
			buildActionMask = 2147483647;
			files = (
				3549BB8C1DA38C0A00C63030 /* STPhotoDetailsTests.swift in Sources */,
			);
			runOnlyForDeploymentPostprocessing = 0;
		};
/* End PBXSourcesBuildPhase section */

/* Begin PBXTargetDependency section */
		3549BB681DA38ADB00C63030 /* PBXTargetDependency */ = {
			isa = PBXTargetDependency;
			target = 3549BB201DA389CD00C63030 /* STPhotoDetails-iOS */;
			targetProxy = 3549BB671DA38ADB00C63030 /* PBXContainerItemProxy */;
		};
		3549BB771DA38AEF00C63030 /* PBXTargetDependency */ = {
			isa = PBXTargetDependency;
			target = 3549BB471DA389F300C63030 /* STPhotoDetails-tvOS */;
			targetProxy = 3549BB761DA38AEF00C63030 /* PBXContainerItemProxy */;
		};
		3549BB861DA38B0000C63030 /* PBXTargetDependency */ = {
			isa = PBXTargetDependency;
			target = 3549BB3A1DA389E800C63030 /* STPhotoDetails-macOS */;
			targetProxy = 3549BB851DA38B0000C63030 /* PBXContainerItemProxy */;
		};
/* End PBXTargetDependency section */

/* Begin PBXVariantGroup section */
		289647C922F8807F008664AB /* Localizable.strings */ = {
			isa = PBXVariantGroup;
			children = (
				289647CA22F8807F008664AB /* en */,
				289647CD22F8807F008664AB /* ro */,
			);
			name = Localizable.strings;
			sourceTree = "<group>";
		};
		289647CB22F8807F008664AB /* Localizable.stringsdict */ = {
			isa = PBXVariantGroup;
			children = (
				289647CC22F8807F008664AB /* en */,
				289647CE22F8807F008664AB /* ro */,
			);
			name = Localizable.stringsdict;
			sourceTree = "<group>";
		};
/* End PBXVariantGroup section */

/* Begin XCBuildConfiguration section */
		3549BB0B1DA387DB00C63030 /* Debug */ = {
			isa = XCBuildConfiguration;
			buildSettings = {
				ALWAYS_SEARCH_USER_PATHS = NO;
				CLANG_ANALYZER_LOCALIZABILITY_NONLOCALIZED = YES;
				CLANG_ANALYZER_NONNULL = YES;
				CLANG_CXX_LANGUAGE_STANDARD = "gnu++0x";
				CLANG_CXX_LIBRARY = "libc++";
				CLANG_ENABLE_MODULES = YES;
				CLANG_ENABLE_OBJC_ARC = YES;
				CLANG_WARN_BLOCK_CAPTURE_AUTORELEASING = YES;
				CLANG_WARN_BOOL_CONVERSION = YES;
				CLANG_WARN_COMMA = YES;
				CLANG_WARN_CONSTANT_CONVERSION = YES;
				CLANG_WARN_DEPRECATED_OBJC_IMPLEMENTATIONS = YES;
				CLANG_WARN_DIRECT_OBJC_ISA_USAGE = YES_ERROR;
				CLANG_WARN_DOCUMENTATION_COMMENTS = YES;
				CLANG_WARN_EMPTY_BODY = YES;
				CLANG_WARN_ENUM_CONVERSION = YES;
				CLANG_WARN_INFINITE_RECURSION = YES;
				CLANG_WARN_INT_CONVERSION = YES;
				CLANG_WARN_NON_LITERAL_NULL_CONVERSION = YES;
				CLANG_WARN_OBJC_IMPLICIT_RETAIN_SELF = YES;
				CLANG_WARN_OBJC_LITERAL_CONVERSION = YES;
				CLANG_WARN_OBJC_ROOT_CLASS = YES_ERROR;
				CLANG_WARN_RANGE_LOOP_ANALYSIS = YES;
				CLANG_WARN_STRICT_PROTOTYPES = YES;
				CLANG_WARN_SUSPICIOUS_MOVE = YES;
				CLANG_WARN_SUSPICIOUS_MOVES = YES;
				CLANG_WARN_UNREACHABLE_CODE = YES;
				CLANG_WARN__DUPLICATE_METHOD_MATCH = YES;
				COPY_PHASE_STRIP = NO;
				CURRENT_PROJECT_VERSION = 1;
				DEBUG_INFORMATION_FORMAT = dwarf;
				ENABLE_STRICT_OBJC_MSGSEND = YES;
				ENABLE_TESTABILITY = YES;
				GCC_C_LANGUAGE_STANDARD = gnu99;
				GCC_DYNAMIC_NO_PIC = NO;
				GCC_NO_COMMON_BLOCKS = YES;
				GCC_OPTIMIZATION_LEVEL = 0;
				GCC_PREPROCESSOR_DEFINITIONS = (
					"DEBUG=1",
					"$(inherited)",
				);
				GCC_WARN_64_TO_32_BIT_CONVERSION = YES;
				GCC_WARN_ABOUT_RETURN_TYPE = YES_ERROR;
				GCC_WARN_UNDECLARED_SELECTOR = YES;
				GCC_WARN_UNINITIALIZED_AUTOS = YES_AGGRESSIVE;
				GCC_WARN_UNUSED_FUNCTION = YES;
				GCC_WARN_UNUSED_VARIABLE = YES;
				IPHONEOS_DEPLOYMENT_TARGET = 11.0;
				MACOSX_DEPLOYMENT_TARGET = 10.10;
				MTL_ENABLE_DEBUG_INFO = YES;
				ONLY_ACTIVE_ARCH = YES;
				SDKROOT = iphoneos;
				SWIFT_ACTIVE_COMPILATION_CONDITIONS = DEBUG;
				SWIFT_OPTIMIZATION_LEVEL = "-Onone";
				SWIFT_SWIFT3_OBJC_INFERENCE = Off;
				SWIFT_VERSION = 5.0;
				TARGETED_DEVICE_FAMILY = "1,2";
				VERSIONING_SYSTEM = "apple-generic";
				VERSION_INFO_PREFIX = "";
			};
			name = Debug;
		};
		3549BB0C1DA387DB00C63030 /* Release */ = {
			isa = XCBuildConfiguration;
			buildSettings = {
				ALWAYS_SEARCH_USER_PATHS = NO;
				CLANG_ANALYZER_LOCALIZABILITY_NONLOCALIZED = YES;
				CLANG_ANALYZER_NONNULL = YES;
				CLANG_CXX_LANGUAGE_STANDARD = "gnu++0x";
				CLANG_CXX_LIBRARY = "libc++";
				CLANG_ENABLE_MODULES = YES;
				CLANG_ENABLE_OBJC_ARC = YES;
				CLANG_WARN_BLOCK_CAPTURE_AUTORELEASING = YES;
				CLANG_WARN_BOOL_CONVERSION = YES;
				CLANG_WARN_COMMA = YES;
				CLANG_WARN_CONSTANT_CONVERSION = YES;
				CLANG_WARN_DEPRECATED_OBJC_IMPLEMENTATIONS = YES;
				CLANG_WARN_DIRECT_OBJC_ISA_USAGE = YES_ERROR;
				CLANG_WARN_DOCUMENTATION_COMMENTS = YES;
				CLANG_WARN_EMPTY_BODY = YES;
				CLANG_WARN_ENUM_CONVERSION = YES;
				CLANG_WARN_INFINITE_RECURSION = YES;
				CLANG_WARN_INT_CONVERSION = YES;
				CLANG_WARN_NON_LITERAL_NULL_CONVERSION = YES;
				CLANG_WARN_OBJC_IMPLICIT_RETAIN_SELF = YES;
				CLANG_WARN_OBJC_LITERAL_CONVERSION = YES;
				CLANG_WARN_OBJC_ROOT_CLASS = YES_ERROR;
				CLANG_WARN_RANGE_LOOP_ANALYSIS = YES;
				CLANG_WARN_STRICT_PROTOTYPES = YES;
				CLANG_WARN_SUSPICIOUS_MOVE = YES;
				CLANG_WARN_SUSPICIOUS_MOVES = YES;
				CLANG_WARN_UNREACHABLE_CODE = YES;
				CLANG_WARN__DUPLICATE_METHOD_MATCH = YES;
				COPY_PHASE_STRIP = NO;
				CURRENT_PROJECT_VERSION = 1;
				DEBUG_INFORMATION_FORMAT = "dwarf-with-dsym";
				ENABLE_NS_ASSERTIONS = NO;
				ENABLE_STRICT_OBJC_MSGSEND = YES;
				GCC_C_LANGUAGE_STANDARD = gnu99;
				GCC_NO_COMMON_BLOCKS = YES;
				GCC_WARN_64_TO_32_BIT_CONVERSION = YES;
				GCC_WARN_ABOUT_RETURN_TYPE = YES_ERROR;
				GCC_WARN_UNDECLARED_SELECTOR = YES;
				GCC_WARN_UNINITIALIZED_AUTOS = YES_AGGRESSIVE;
				GCC_WARN_UNUSED_FUNCTION = YES;
				GCC_WARN_UNUSED_VARIABLE = YES;
				IPHONEOS_DEPLOYMENT_TARGET = 11.0;
				MACOSX_DEPLOYMENT_TARGET = 10.10;
				MTL_ENABLE_DEBUG_INFO = NO;
				SDKROOT = iphoneos;
				SWIFT_OPTIMIZATION_LEVEL = "-Owholemodule";
				SWIFT_SWIFT3_OBJC_INFERENCE = Off;
				SWIFT_VERSION = 5.0;
				TARGETED_DEVICE_FAMILY = "1,2";
				VALIDATE_PRODUCT = YES;
				VERSIONING_SYSTEM = "apple-generic";
				VERSION_INFO_PREFIX = "";
			};
			name = Release;
		};
		3549BB271DA389CD00C63030 /* Debug */ = {
			isa = XCBuildConfiguration;
			buildSettings = {
				CLANG_ENABLE_MODULES = YES;
				DEFINES_MODULE = YES;
				DYLIB_COMPATIBILITY_VERSION = 1;
				DYLIB_CURRENT_VERSION = 1;
				DYLIB_INSTALL_NAME_BASE = "@rpath";
				FRAMEWORK_SEARCH_PATHS = (
					"$(inherited)",
					"$(PROJECT_DIR)/Carthage/Build/iOS",
				);
				INFOPLIST_FILE = Sources/Info.plist;
				INSTALL_PATH = "$(LOCAL_LIBRARY_DIR)/Frameworks";
				IPHONEOS_DEPLOYMENT_TARGET = 11.0;
				LD_RUNPATH_SEARCH_PATHS = "$(inherited) @executable_path/Frameworks @loader_path/Frameworks";
				MARKETING_VERSION = 0.1.1;
				PRODUCT_BUNDLE_IDENTIFIER = com.streetography.st.photo.details.ios.STPhotoDetails.STPhotoDetails;
				PRODUCT_NAME = STPhotoDetails;
				SKIP_INSTALL = YES;
				SWIFT_OPTIMIZATION_LEVEL = "-Onone";
				SWIFT_VERSION = 5.0;
			};
			name = Debug;
		};
		3549BB281DA389CD00C63030 /* Release */ = {
			isa = XCBuildConfiguration;
			buildSettings = {
				CLANG_ENABLE_MODULES = YES;
				DEFINES_MODULE = YES;
				DYLIB_COMPATIBILITY_VERSION = 1;
				DYLIB_CURRENT_VERSION = 1;
				DYLIB_INSTALL_NAME_BASE = "@rpath";
				FRAMEWORK_SEARCH_PATHS = (
					"$(inherited)",
					"$(PROJECT_DIR)/Carthage/Build/iOS",
				);
				INFOPLIST_FILE = Sources/Info.plist;
				INSTALL_PATH = "$(LOCAL_LIBRARY_DIR)/Frameworks";
				IPHONEOS_DEPLOYMENT_TARGET = 11.0;
				LD_RUNPATH_SEARCH_PATHS = "$(inherited) @executable_path/Frameworks @loader_path/Frameworks";
				MARKETING_VERSION = 0.1.1;
				PRODUCT_BUNDLE_IDENTIFIER = com.streetography.st.photo.details.ios.STPhotoDetails.STPhotoDetails;
				PRODUCT_NAME = STPhotoDetails;
				SKIP_INSTALL = YES;
				SWIFT_VERSION = 5.0;
			};
			name = Release;
		};
		3549BB341DA389DB00C63030 /* Debug */ = {
			isa = XCBuildConfiguration;
			buildSettings = {
				APPLICATION_EXTENSION_API_ONLY = YES;
				CLANG_ENABLE_MODULES = YES;
				CODE_SIGN_IDENTITY = "";
				DEFINES_MODULE = YES;
				DYLIB_COMPATIBILITY_VERSION = 1;
				DYLIB_CURRENT_VERSION = 1;
				DYLIB_INSTALL_NAME_BASE = "@rpath";
				INFOPLIST_FILE = Sources/Info.plist;
				INSTALL_PATH = "$(LOCAL_LIBRARY_DIR)/Frameworks";
				LD_RUNPATH_SEARCH_PATHS = "$(inherited) @executable_path/Frameworks @loader_path/Frameworks";
				PRODUCT_BUNDLE_IDENTIFIER = com.streetography.st.photo.details.ios.STPhotoDetails.STPhotoDetails;
				PRODUCT_NAME = STPhotoDetails;
				SDKROOT = watchos;
				SKIP_INSTALL = YES;
				SWIFT_OPTIMIZATION_LEVEL = "-Onone";
				TARGETED_DEVICE_FAMILY = 4;
				WATCHOS_DEPLOYMENT_TARGET = 2.0;
			};
			name = Debug;
		};
		3549BB351DA389DB00C63030 /* Release */ = {
			isa = XCBuildConfiguration;
			buildSettings = {
				APPLICATION_EXTENSION_API_ONLY = YES;
				CLANG_ENABLE_MODULES = YES;
				CODE_SIGN_IDENTITY = "";
				DEFINES_MODULE = YES;
				DYLIB_COMPATIBILITY_VERSION = 1;
				DYLIB_CURRENT_VERSION = 1;
				DYLIB_INSTALL_NAME_BASE = "@rpath";
				INFOPLIST_FILE = Sources/Info.plist;
				INSTALL_PATH = "$(LOCAL_LIBRARY_DIR)/Frameworks";
				LD_RUNPATH_SEARCH_PATHS = "$(inherited) @executable_path/Frameworks @loader_path/Frameworks";
				PRODUCT_BUNDLE_IDENTIFIER = com.streetography.st.photo.details.ios.STPhotoDetails.STPhotoDetails;
				PRODUCT_NAME = STPhotoDetails;
				SDKROOT = watchos;
				SKIP_INSTALL = YES;
				TARGETED_DEVICE_FAMILY = 4;
				WATCHOS_DEPLOYMENT_TARGET = 2.0;
			};
			name = Release;
		};
		3549BB411DA389E800C63030 /* Debug */ = {
			isa = XCBuildConfiguration;
			buildSettings = {
				CLANG_ENABLE_MODULES = YES;
				COMBINE_HIDPI_IMAGES = YES;
				DEFINES_MODULE = YES;
				DYLIB_COMPATIBILITY_VERSION = 1;
				DYLIB_CURRENT_VERSION = 1;
				DYLIB_INSTALL_NAME_BASE = "@rpath";
				FRAMEWORK_VERSION = A;
				INFOPLIST_FILE = Sources/Info.plist;
				INSTALL_PATH = "$(LOCAL_LIBRARY_DIR)/Frameworks";
				LD_RUNPATH_SEARCH_PATHS = "$(inherited) @executable_path/../Frameworks @loader_path/Frameworks";
				MACOSX_DEPLOYMENT_TARGET = 10.10;
				PRODUCT_BUNDLE_IDENTIFIER = com.streetography.st.photo.details.ios.STPhotoDetails.STPhotoDetails;
				PRODUCT_NAME = STPhotoDetails;
				SDKROOT = macosx;
				SKIP_INSTALL = YES;
				SWIFT_OPTIMIZATION_LEVEL = "-Onone";
			};
			name = Debug;
		};
		3549BB421DA389E800C63030 /* Release */ = {
			isa = XCBuildConfiguration;
			buildSettings = {
				CLANG_ENABLE_MODULES = YES;
				COMBINE_HIDPI_IMAGES = YES;
				DEFINES_MODULE = YES;
				DYLIB_COMPATIBILITY_VERSION = 1;
				DYLIB_CURRENT_VERSION = 1;
				DYLIB_INSTALL_NAME_BASE = "@rpath";
				FRAMEWORK_VERSION = A;
				INFOPLIST_FILE = Sources/Info.plist;
				INSTALL_PATH = "$(LOCAL_LIBRARY_DIR)/Frameworks";
				LD_RUNPATH_SEARCH_PATHS = "$(inherited) @executable_path/../Frameworks @loader_path/Frameworks";
				MACOSX_DEPLOYMENT_TARGET = 10.10;
				PRODUCT_BUNDLE_IDENTIFIER = com.streetography.st.photo.details.ios.STPhotoDetails.STPhotoDetails;
				PRODUCT_NAME = STPhotoDetails;
				SDKROOT = macosx;
				SKIP_INSTALL = YES;
			};
			name = Release;
		};
		3549BB4E1DA389F300C63030 /* Debug */ = {
			isa = XCBuildConfiguration;
			buildSettings = {
				CLANG_ENABLE_MODULES = YES;
				CODE_SIGN_IDENTITY = "";
				DEFINES_MODULE = YES;
				DYLIB_COMPATIBILITY_VERSION = 1;
				DYLIB_CURRENT_VERSION = 1;
				DYLIB_INSTALL_NAME_BASE = "@rpath";
				INFOPLIST_FILE = "Sources/Info-tvOS.plist";
				INSTALL_PATH = "$(LOCAL_LIBRARY_DIR)/Frameworks";
				LD_RUNPATH_SEARCH_PATHS = "$(inherited) @executable_path/Frameworks @loader_path/Frameworks";
				PRODUCT_BUNDLE_IDENTIFIER = com.streetography.st.photo.details.ios.STPhotoDetails.STPhotoDetails;
				PRODUCT_NAME = STPhotoDetails;
				SDKROOT = appletvos;
				SKIP_INSTALL = YES;
				SWIFT_OPTIMIZATION_LEVEL = "-Onone";
				TARGETED_DEVICE_FAMILY = 3;
				TVOS_DEPLOYMENT_TARGET = 9.0;
			};
			name = Debug;
		};
		3549BB4F1DA389F300C63030 /* Release */ = {
			isa = XCBuildConfiguration;
			buildSettings = {
				CLANG_ENABLE_MODULES = YES;
				CODE_SIGN_IDENTITY = "";
				DEFINES_MODULE = YES;
				DYLIB_COMPATIBILITY_VERSION = 1;
				DYLIB_CURRENT_VERSION = 1;
				DYLIB_INSTALL_NAME_BASE = "@rpath";
				INFOPLIST_FILE = "Sources/Info-tvOS.plist";
				INSTALL_PATH = "$(LOCAL_LIBRARY_DIR)/Frameworks";
				LD_RUNPATH_SEARCH_PATHS = "$(inherited) @executable_path/Frameworks @loader_path/Frameworks";
				PRODUCT_BUNDLE_IDENTIFIER = com.streetography.st.photo.details.ios.STPhotoDetails.STPhotoDetails;
				PRODUCT_NAME = STPhotoDetails;
				SDKROOT = appletvos;
				SKIP_INSTALL = YES;
				TARGETED_DEVICE_FAMILY = 3;
				TVOS_DEPLOYMENT_TARGET = 9.0;
			};
			name = Release;
		};
		3549BB6A1DA38ADB00C63030 /* Debug */ = {
			isa = XCBuildConfiguration;
			buildSettings = {
				ALWAYS_EMBED_SWIFT_STANDARD_LIBRARIES = YES;
				CLANG_ENABLE_MODULES = YES;
				FRAMEWORK_SEARCH_PATHS = (
					"$(inherited)",
					"$(PROJECT_DIR)/Carthage/Build/iOS",
				);
				INFOPLIST_FILE = Tests/Info.plist;
				LD_RUNPATH_SEARCH_PATHS = "$(inherited) @executable_path/Frameworks @loader_path/Frameworks";
				PRODUCT_BUNDLE_IDENTIFIER = com.streetography.st.photo.details.ios.STPhotoDetails.STPhotoDetailsTests;
				PRODUCT_NAME = "$(TARGET_NAME)";
				SWIFT_OPTIMIZATION_LEVEL = "-Onone";
				SWIFT_VERSION = 5.0;
			};
			name = Debug;
		};
		3549BB6B1DA38ADB00C63030 /* Release */ = {
			isa = XCBuildConfiguration;
			buildSettings = {
				ALWAYS_EMBED_SWIFT_STANDARD_LIBRARIES = YES;
				CLANG_ENABLE_MODULES = YES;
				FRAMEWORK_SEARCH_PATHS = (
					"$(inherited)",
					"$(PROJECT_DIR)/Carthage/Build/iOS",
				);
				INFOPLIST_FILE = Tests/Info.plist;
				LD_RUNPATH_SEARCH_PATHS = "$(inherited) @executable_path/Frameworks @loader_path/Frameworks";
				PRODUCT_BUNDLE_IDENTIFIER = com.streetography.st.photo.details.ios.STPhotoDetails.STPhotoDetailsTests;
				PRODUCT_NAME = "$(TARGET_NAME)";
				SWIFT_VERSION = 5.0;
			};
			name = Release;
		};
		3549BB791DA38AEF00C63030 /* Debug */ = {
			isa = XCBuildConfiguration;
			buildSettings = {
				CLANG_ENABLE_MODULES = YES;
				FRAMEWORK_SEARCH_PATHS = "$(inherited)";
				INFOPLIST_FILE = "Tests/Info-tvOS.plist";
				LD_RUNPATH_SEARCH_PATHS = "$(inherited) @executable_path/Frameworks @loader_path/Frameworks";
				PRODUCT_BUNDLE_IDENTIFIER = com.streetography.st.photo.details.ios.STPhotoDetails.STPhotoDetailsTests;
				PRODUCT_NAME = "$(TARGET_NAME)";
				SDKROOT = appletvos;
				SWIFT_OPTIMIZATION_LEVEL = "-Onone";
				TVOS_DEPLOYMENT_TARGET = 9.0;
			};
			name = Debug;
		};
		3549BB7A1DA38AEF00C63030 /* Release */ = {
			isa = XCBuildConfiguration;
			buildSettings = {
				CLANG_ENABLE_MODULES = YES;
				FRAMEWORK_SEARCH_PATHS = "$(inherited)";
				INFOPLIST_FILE = "Tests/Info-tvOS.plist";
				LD_RUNPATH_SEARCH_PATHS = "$(inherited) @executable_path/Frameworks @loader_path/Frameworks";
				PRODUCT_BUNDLE_IDENTIFIER = com.streetography.st.photo.details.ios.STPhotoDetails.STPhotoDetailsTests;
				PRODUCT_NAME = "$(TARGET_NAME)";
				SDKROOT = appletvos;
				TVOS_DEPLOYMENT_TARGET = 9.0;
			};
			name = Release;
		};
		3549BB881DA38B0000C63030 /* Debug */ = {
			isa = XCBuildConfiguration;
			buildSettings = {
				CLANG_ENABLE_MODULES = YES;
				COMBINE_HIDPI_IMAGES = YES;
				FRAMEWORK_SEARCH_PATHS = "$(inherited)";
				INFOPLIST_FILE = Tests/Info.plist;
				LD_RUNPATH_SEARCH_PATHS = "$(inherited) @executable_path/../Frameworks @loader_path/../Frameworks";
				MACOSX_DEPLOYMENT_TARGET = 10.10;
				PRODUCT_BUNDLE_IDENTIFIER = com.streetography.st.photo.details.ios.STPhotoDetails.STPhotoDetailsTests;
				PRODUCT_NAME = "$(TARGET_NAME)";
				SDKROOT = macosx;
				SWIFT_OPTIMIZATION_LEVEL = "-Onone";
			};
			name = Debug;
		};
		3549BB891DA38B0000C63030 /* Release */ = {
			isa = XCBuildConfiguration;
			buildSettings = {
				CLANG_ENABLE_MODULES = YES;
				COMBINE_HIDPI_IMAGES = YES;
				FRAMEWORK_SEARCH_PATHS = "$(inherited)";
				INFOPLIST_FILE = Tests/Info.plist;
				LD_RUNPATH_SEARCH_PATHS = "$(inherited) @executable_path/../Frameworks @loader_path/../Frameworks";
				MACOSX_DEPLOYMENT_TARGET = 10.10;
				PRODUCT_BUNDLE_IDENTIFIER = com.streetography.st.photo.details.ios.STPhotoDetails.STPhotoDetailsTests;
				PRODUCT_NAME = "$(TARGET_NAME)";
				SDKROOT = macosx;
			};
			name = Release;
		};
/* End XCBuildConfiguration section */

/* Begin XCConfigurationList section */
		3549BAFF1DA387DB00C63030 /* Build configuration list for PBXProject "STPhotoDetails" */ = {
			isa = XCConfigurationList;
			buildConfigurations = (
				3549BB0B1DA387DB00C63030 /* Debug */,
				3549BB0C1DA387DB00C63030 /* Release */,
			);
			defaultConfigurationIsVisible = 0;
			defaultConfigurationName = Release;
		};
		3549BB261DA389CD00C63030 /* Build configuration list for PBXNativeTarget "STPhotoDetails-iOS" */ = {
			isa = XCConfigurationList;
			buildConfigurations = (
				3549BB271DA389CD00C63030 /* Debug */,
				3549BB281DA389CD00C63030 /* Release */,
			);
			defaultConfigurationIsVisible = 0;
			defaultConfigurationName = Release;
		};
		3549BB331DA389DB00C63030 /* Build configuration list for PBXNativeTarget "STPhotoDetails-watchOS" */ = {
			isa = XCConfigurationList;
			buildConfigurations = (
				3549BB341DA389DB00C63030 /* Debug */,
				3549BB351DA389DB00C63030 /* Release */,
			);
			defaultConfigurationIsVisible = 0;
			defaultConfigurationName = Release;
		};
		3549BB401DA389E800C63030 /* Build configuration list for PBXNativeTarget "STPhotoDetails-macOS" */ = {
			isa = XCConfigurationList;
			buildConfigurations = (
				3549BB411DA389E800C63030 /* Debug */,
				3549BB421DA389E800C63030 /* Release */,
			);
			defaultConfigurationIsVisible = 0;
			defaultConfigurationName = Release;
		};
		3549BB4D1DA389F300C63030 /* Build configuration list for PBXNativeTarget "STPhotoDetails-tvOS" */ = {
			isa = XCConfigurationList;
			buildConfigurations = (
				3549BB4E1DA389F300C63030 /* Debug */,
				3549BB4F1DA389F300C63030 /* Release */,
			);
			defaultConfigurationIsVisible = 0;
			defaultConfigurationName = Release;
		};
		3549BB691DA38ADB00C63030 /* Build configuration list for PBXNativeTarget "STPhotoDetailsTests-iOS" */ = {
			isa = XCConfigurationList;
			buildConfigurations = (
				3549BB6A1DA38ADB00C63030 /* Debug */,
				3549BB6B1DA38ADB00C63030 /* Release */,
			);
			defaultConfigurationIsVisible = 0;
			defaultConfigurationName = Release;
		};
		3549BB781DA38AEF00C63030 /* Build configuration list for PBXNativeTarget "STPhotoDetailsTests-tvOS" */ = {
			isa = XCConfigurationList;
			buildConfigurations = (
				3549BB791DA38AEF00C63030 /* Debug */,
				3549BB7A1DA38AEF00C63030 /* Release */,
			);
			defaultConfigurationIsVisible = 0;
			defaultConfigurationName = Release;
		};
		3549BB871DA38B0000C63030 /* Build configuration list for PBXNativeTarget "STPhotoDetailsTests-macOS" */ = {
			isa = XCConfigurationList;
			buildConfigurations = (
				3549BB881DA38B0000C63030 /* Debug */,
				3549BB891DA38B0000C63030 /* Release */,
			);
			defaultConfigurationIsVisible = 0;
			defaultConfigurationName = Release;
		};
/* End XCConfigurationList section */
	};
	rootObject = 3549BAFC1DA387DB00C63030 /* Project object */;
}
